{
  "pins" : [
    {
      "identity" : "colorwheelpanelview",
      "kind" : "remoteSourceControl",
      "location" : "https://github.com/sonsongithub/ColorWheelPanelView",
      "state" : {
        "branch" : "main",
        "revision" : "9df7cbc040c17141da6261f377a31cc3b400d174"
      }
    },
    {
      "identity" : "keyboardshortcuts",
      "kind" : "remoteSourceControl",
      "location" : "https://github.com/sindresorhus/KeyboardShortcuts",
      "state" : {
        "revision" : "b878f8132be59576fc87e39405b1914eff9f55d3",
        "version" : "1.14.1"
      }
    },
    {
      "identity" : "launchatlogin",
      "kind" : "remoteSourceControl",
      "location" : "https://github.com/sindresorhus/LaunchAtLogin",
      "state" : {
        "branch" : "main",
        "revision" : "d811817ce35d74872a1170c851cab243a2b8b559"
      }
    }
  ],
  "version" : 2
}
