{
  "pins" : [
    {
      "identity" : "colorwheelpanelview",
      "kind" : "remoteSourceControl",
      "location" : "https://github.com/sonsongithub/ColorWheelPanelView",
      "state" : {
        "branch" : "main",
        "revision" : "9df7cbc040c17141da6261f377a31cc3b400d174"
      }
    },
    {
      "identity" : "keyboardshortcuts",
      "kind" : "remoteSourceControl",
      "location" : "https://github.com/sonsongithub/KeyboardShortcuts.git",
      "state" : {
        "branch" : "fix-menuitem-leak",
        "revision" : "90228341f19f0a4590d7856a2d588a8f8e3d00ff"
      }
    },
    {
      "identity" : "launchatlogin",
      "kind" : "remoteSourceControl",
      "location" : "https://github.com/sindresorhus/LaunchAtLogin",
      "state" : {
        "branch" : "main",
        "revision" : "d811817ce35d74872a1170c851cab243a2b8b559"
      }
    }
  ],
  "version" : 2
}
