{
  "pins" : [
    {
      "identity" : "colorwheelpanelview",
      "kind" : "remoteSourceControl",
      "location" : "https://github.com/sonsongithub/ColorWheelPanelView",
      "state" : {
        "branch" : "main",
        "revision" : "9df7cbc040c17141da6261f377a31cc3b400d174"
      }
    }
  ],
  "version" : 2
}
