// !$*UTF8*$!
{
	archiveVersion = 1;
	classes = {
	};
	objectVersion = 55;
	objects = {

/* Begin PBXBuildFile section */
		14000AD7290C21E400CE15B2 /* AppDelegate.swift in Sources */ = {isa = PBXBuildFile; fileRef = 14000AD6290C21E400CE15B2 /* AppDelegate.swift */; };
		14000ADB290D29F300CE15B2 /* SensorMenuItem.swift in Sources */ = {isa = PBXBuildFile; fileRef = 14000ADA290D29F300CE15B2 /* SensorMenuItem.swift */; };
		142C4DBA2906718700A8A872 /* HCRoom.swift in Sources */ = {isa = PBXBuildFile; fileRef = 142C4DB92906718700A8A872 /* HCRoom.swift */; };
		142C4DBB2906718700A8A872 /* HCRoom.swift in Sources */ = {isa = PBXBuildFile; fileRef = 142C4DB92906718700A8A872 /* HCRoom.swift */; };
		142C4DBC2906718700A8A872 /* HCRoom.swift in Sources */ = {isa = PBXBuildFile; fileRef = 142C4DB92906718700A8A872 /* HCRoom.swift */; };
		142C4DBE290671BC00A8A872 /* HCAccessory.swift in Sources */ = {isa = PBXBuildFile; fileRef = 142C4DBD290671BC00A8A872 /* HCAccessory.swift */; };
		142C4DBF290671BC00A8A872 /* HCAccessory.swift in Sources */ = {isa = PBXBuildFile; fileRef = 142C4DBD290671BC00A8A872 /* HCAccessory.swift */; };
		142C4DC0290671BC00A8A872 /* HCAccessory.swift in Sources */ = {isa = PBXBuildFile; fileRef = 142C4DBD290671BC00A8A872 /* HCAccessory.swift */; };
		142C4DC2290671E200A8A872 /* HCCharacteristic.swift in Sources */ = {isa = PBXBuildFile; fileRef = 142C4DC1290671E200A8A872 /* HCCharacteristic.swift */; };
		142C4DC3290671E200A8A872 /* HCCharacteristic.swift in Sources */ = {isa = PBXBuildFile; fileRef = 142C4DC1290671E200A8A872 /* HCCharacteristic.swift */; };
		142C4DC4290671E200A8A872 /* HCCharacteristic.swift in Sources */ = {isa = PBXBuildFile; fileRef = 142C4DC1290671E200A8A872 /* HCCharacteristic.swift */; };
		142C4DC6290672C700A8A872 /* HCActionSet.swift in Sources */ = {isa = PBXBuildFile; fileRef = 142C4DC5290672C700A8A872 /* HCActionSet.swift */; };
		142C4DC7290672C700A8A872 /* HCActionSet.swift in Sources */ = {isa = PBXBuildFile; fileRef = 142C4DC5290672C700A8A872 /* HCActionSet.swift */; };
		142C4DC8290672C700A8A872 /* HCActionSet.swift in Sources */ = {isa = PBXBuildFile; fileRef = 142C4DC5290672C700A8A872 /* HCActionSet.swift */; };
		142C4DCA2906743800A8A872 /* HCServiceGroup.swift in Sources */ = {isa = PBXBuildFile; fileRef = 142C4DC92906743800A8A872 /* HCServiceGroup.swift */; };
		142C4DCB2906743800A8A872 /* HCServiceGroup.swift in Sources */ = {isa = PBXBuildFile; fileRef = 142C4DC92906743800A8A872 /* HCServiceGroup.swift */; };
		142C4DCC2906743800A8A872 /* HCServiceGroup.swift in Sources */ = {isa = PBXBuildFile; fileRef = 142C4DC92906743800A8A872 /* HCServiceGroup.swift */; };
		142C4DCE2906CB2200A8A872 /* HCCommunication.swift in Sources */ = {isa = PBXBuildFile; fileRef = 142C4DCD2906CB2200A8A872 /* HCCommunication.swift */; };
		142C4DCF2906CB2200A8A872 /* HCCommunication.swift in Sources */ = {isa = PBXBuildFile; fileRef = 142C4DCD2906CB2200A8A872 /* HCCommunication.swift */; };
		142C4DD02906CB2200A8A872 /* HCCommunication.swift in Sources */ = {isa = PBXBuildFile; fileRef = 142C4DCD2906CB2200A8A872 /* HCCommunication.swift */; };
		142DE06C27E8B80E006CBAFE /* AppDelegate.swift in Sources */ = {isa = PBXBuildFile; fileRef = 142DE06B27E8B80E006CBAFE /* AppDelegate.swift */; };
		142DE06E27E8B80E006CBAFE /* SceneDelegate.swift in Sources */ = {isa = PBXBuildFile; fileRef = 142DE06D27E8B80E006CBAFE /* SceneDelegate.swift */; };
		142DE07027E8B80E006CBAFE /* ViewController.swift in Sources */ = {isa = PBXBuildFile; fileRef = 142DE06F27E8B80E006CBAFE /* ViewController.swift */; };
		142DE07527E8B80F006CBAFE /* Assets.xcassets in Resources */ = {isa = PBXBuildFile; fileRef = 142DE07427E8B80F006CBAFE /* Assets.xcassets */; };
		142DE08227E8B89A006CBAFE /* HomeKit.framework in Frameworks */ = {isa = PBXBuildFile; fileRef = 142DE08127E8B89A006CBAFE /* HomeKit.framework */; };
		142DE0A027E8B9C3006CBAFE /* HomeKitExtension.swift in Sources */ = {isa = PBXBuildFile; fileRef = 142DE09B27E8B9C3006CBAFE /* HomeKitExtension.swift */; };
		142DE0A127E8B9C3006CBAFE /* BaseManager.swift in Sources */ = {isa = PBXBuildFile; fileRef = 142DE09C27E8B9C3006CBAFE /* BaseManager.swift */; };
		142DE0A227E8B9C3006CBAFE /* DummyViewController.swift in Sources */ = {isa = PBXBuildFile; fileRef = 142DE09D27E8B9C3006CBAFE /* DummyViewController.swift */; };
		142DE0A327E8B9C3006CBAFE /* CameraViewController.swift in Sources */ = {isa = PBXBuildFile; fileRef = 142DE09E27E8B9C3006CBAFE /* CameraViewController.swift */; };
		142DE0B927E8BAC2006CBAFE /* CharacteristicInfo.swift in Sources */ = {isa = PBXBuildFile; fileRef = 142DE0B127E8BAC2006CBAFE /* CharacteristicInfo.swift */; };
		142DE0BA27E8BAC2006CBAFE /* CharacteristicInfo.swift in Sources */ = {isa = PBXBuildFile; fileRef = 142DE0B127E8BAC2006CBAFE /* CharacteristicInfo.swift */; };
		142DE0BB27E8BAC2006CBAFE /* RoomInfo.swift in Sources */ = {isa = PBXBuildFile; fileRef = 142DE0B227E8BAC2006CBAFE /* RoomInfo.swift */; };
		142DE0BC27E8BAC2006CBAFE /* RoomInfo.swift in Sources */ = {isa = PBXBuildFile; fileRef = 142DE0B227E8BAC2006CBAFE /* RoomInfo.swift */; };
		142DE0BD27E8BAC2006CBAFE /* ServiceTypeBridge.swift in Sources */ = {isa = PBXBuildFile; fileRef = 142DE0B327E8BAC2006CBAFE /* ServiceTypeBridge.swift */; };
		142DE0BE27E8BAC2006CBAFE /* ServiceTypeBridge.swift in Sources */ = {isa = PBXBuildFile; fileRef = 142DE0B327E8BAC2006CBAFE /* ServiceTypeBridge.swift */; };
		142DE0BF27E8BAC2006CBAFE /* HomeInfo.swift in Sources */ = {isa = PBXBuildFile; fileRef = 142DE0B427E8BAC2006CBAFE /* HomeInfo.swift */; };
		142DE0C027E8BAC2006CBAFE /* HomeInfo.swift in Sources */ = {isa = PBXBuildFile; fileRef = 142DE0B427E8BAC2006CBAFE /* HomeInfo.swift */; };
		142DE0C127E8BAC2006CBAFE /* CharacteristicTypeBridge.swift in Sources */ = {isa = PBXBuildFile; fileRef = 142DE0B527E8BAC2006CBAFE /* CharacteristicTypeBridge.swift */; };
		142DE0C227E8BAC2006CBAFE /* CharacteristicTypeBridge.swift in Sources */ = {isa = PBXBuildFile; fileRef = 142DE0B527E8BAC2006CBAFE /* CharacteristicTypeBridge.swift */; };
		142DE0C327E8BAC2006CBAFE /* AccessoryTypeBridge.swift in Sources */ = {isa = PBXBuildFile; fileRef = 142DE0B627E8BAC2006CBAFE /* AccessoryTypeBridge.swift */; };
		142DE0C427E8BAC2006CBAFE /* AccessoryTypeBridge.swift in Sources */ = {isa = PBXBuildFile; fileRef = 142DE0B627E8BAC2006CBAFE /* AccessoryTypeBridge.swift */; };
		142DE0C527E8BAC2006CBAFE /* AccessoryInfo.swift in Sources */ = {isa = PBXBuildFile; fileRef = 142DE0B727E8BAC2006CBAFE /* AccessoryInfo.swift */; };
		142DE0C627E8BAC2006CBAFE /* AccessoryInfo.swift in Sources */ = {isa = PBXBuildFile; fileRef = 142DE0B727E8BAC2006CBAFE /* AccessoryInfo.swift */; };
		142DE0C727E8BAC2006CBAFE /* ServiceInfo.swift in Sources */ = {isa = PBXBuildFile; fileRef = 142DE0B827E8BAC2006CBAFE /* ServiceInfo.swift */; };
		142DE0C827E8BAC2006CBAFE /* ServiceInfo.swift in Sources */ = {isa = PBXBuildFile; fileRef = 142DE0B827E8BAC2006CBAFE /* ServiceInfo.swift */; };
		142DE0D427E8BAE1006CBAFE /* MacOSController.swift in Sources */ = {isa = PBXBuildFile; fileRef = 142DE0CB27E8BAE1006CBAFE /* MacOSController.swift */; };
		142DE0D627E8BAE1006CBAFE /* InterfaceProtocols.swift in Sources */ = {isa = PBXBuildFile; fileRef = 142DE0CD27E8BAE1006CBAFE /* InterfaceProtocols.swift */; };
		142DE0D927E8BAE1006CBAFE /* NSMenuItem+HomeMenu.swift in Sources */ = {isa = PBXBuildFile; fileRef = 142DE0D027E8BAE1006CBAFE /* NSMenuItem+HomeMenu.swift */; };
		142DE0DB27E8BAF0006CBAFE /* InterfaceProtocols.swift in Sources */ = {isa = PBXBuildFile; fileRef = 142DE0CD27E8BAE1006CBAFE /* InterfaceProtocols.swift */; };
		14669EEA28F17F1400FFF73F /* HCHome.swift in Sources */ = {isa = PBXBuildFile; fileRef = 14669EE928F17F1400FFF73F /* HCHome.swift */; };
		14669EEB28F17F1400FFF73F /* HCHome.swift in Sources */ = {isa = PBXBuildFile; fileRef = 14669EE928F17F1400FFF73F /* HCHome.swift */; };
		14669EEC28F17F1400FFF73F /* HCHome.swift in Sources */ = {isa = PBXBuildFile; fileRef = 14669EE928F17F1400FFF73F /* HCHome.swift */; };
		14669EEE28F22CF500FFF73F /* HCAccessoryType.swift in Sources */ = {isa = PBXBuildFile; fileRef = 14669EED28F22CF500FFF73F /* HCAccessoryType.swift */; };
		14669EEF28F22CF500FFF73F /* HCAccessoryType.swift in Sources */ = {isa = PBXBuildFile; fileRef = 14669EED28F22CF500FFF73F /* HCAccessoryType.swift */; };
		14669EF028F22CF500FFF73F /* HCAccessoryType.swift in Sources */ = {isa = PBXBuildFile; fileRef = 14669EED28F22CF500FFF73F /* HCAccessoryType.swift */; };
		14669EF228F22D1700FFF73F /* HCCharacteristicType.swift in Sources */ = {isa = PBXBuildFile; fileRef = 14669EF128F22D1700FFF73F /* HCCharacteristicType.swift */; };
		14669EF328F22D1700FFF73F /* HCCharacteristicType.swift in Sources */ = {isa = PBXBuildFile; fileRef = 14669EF128F22D1700FFF73F /* HCCharacteristicType.swift */; };
		14669EF428F22D1700FFF73F /* HCCharacteristicType.swift in Sources */ = {isa = PBXBuildFile; fileRef = 14669EF128F22D1700FFF73F /* HCCharacteristicType.swift */; };
		14669EF628F2416400FFF73F /* HCServiceType.swift in Sources */ = {isa = PBXBuildFile; fileRef = 14669EF528F2416400FFF73F /* HCServiceType.swift */; };
		14669EF728F2416400FFF73F /* HCServiceType.swift in Sources */ = {isa = PBXBuildFile; fileRef = 14669EF528F2416400FFF73F /* HCServiceType.swift */; };
		14669EF828F2416400FFF73F /* HCServiceType.swift in Sources */ = {isa = PBXBuildFile; fileRef = 14669EF528F2416400FFF73F /* HCServiceType.swift */; };
		14669EFB28F241A800FFF73F /* HCService.swift in Sources */ = {isa = PBXBuildFile; fileRef = 14669EFA28F241A800FFF73F /* HCService.swift */; };
		14669EFC28F241A800FFF73F /* HCService.swift in Sources */ = {isa = PBXBuildFile; fileRef = 14669EFA28F241A800FFF73F /* HCService.swift */; };
		14669EFD28F241A800FFF73F /* HCService.swift in Sources */ = {isa = PBXBuildFile; fileRef = 14669EFA28F241A800FFF73F /* HCService.swift */; };
		14669F0028F2430700FFF73F /* BaseManager+Codable.swift in Sources */ = {isa = PBXBuildFile; fileRef = 14669EFE28F242DB00FFF73F /* BaseManager+Codable.swift */; };
		14746C4C2813C1BE00666682 /* ColorWheelPanelView in Frameworks */ = {isa = PBXBuildFile; productRef = 14746C4B2813C1BE00666682 /* ColorWheelPanelView */; };
		14A06A512811664800BC41BD /* LightbulbMenuItem.swift in Sources */ = {isa = PBXBuildFile; fileRef = 14A06A482811664000BC41BD /* LightbulbMenuItem.swift */; };
		14A06A522811664800BC41BD /* LightColorMenuItem.swift in Sources */ = {isa = PBXBuildFile; fileRef = 14A06A472811664000BC41BD /* LightColorMenuItem.swift */; };
		14A06A532811664800BC41BD /* CameraMenuItem.swift in Sources */ = {isa = PBXBuildFile; fileRef = 14A06A462811664000BC41BD /* CameraMenuItem.swift */; };
		14A06A542811664800BC41BD /* ToggleMenuItem.swift in Sources */ = {isa = PBXBuildFile; fileRef = 14A06A4A2811664000BC41BD /* ToggleMenuItem.swift */; };
		14A06A552811664800BC41BD /* SensorMenuItem.swift in Sources */ = {isa = PBXBuildFile; fileRef = 14A06A452811664000BC41BD /* SensorMenuItem.swift */; };
		14A06A572811665800BC41BD /* ServiceGroupInfo.swift in Sources */ = {isa = PBXBuildFile; fileRef = 14A06A562811665800BC41BD /* ServiceGroupInfo.swift */; };
		14A06A582811666800BC41BD /* MenuItemFromUUID.swift in Sources */ = {isa = PBXBuildFile; fileRef = 14A06A492811664000BC41BD /* MenuItemFromUUID.swift */; };
		14A06A592811667400BC41BD /* ServiceGroupInfo.swift in Sources */ = {isa = PBXBuildFile; fileRef = 14A06A562811665800BC41BD /* ServiceGroupInfo.swift */; };
		14A4D27F290D490800F76356 /* MenuView.swift in Sources */ = {isa = PBXBuildFile; fileRef = 14A4D27E290D490800F76356 /* MenuView.swift */; };
		14A4D281290D6A8100F76356 /* MainData.swift in Sources */ = {isa = PBXBuildFile; fileRef = 14A4D280290D6A8100F76356 /* MainData.swift */; };
		14A4D283290E5B9D00F76356 /* SUTemperature.swift in Sources */ = {isa = PBXBuildFile; fileRef = 14A4D282290E5B9D00F76356 /* SUTemperature.swift */; };
		14A4D285290E5BAC00F76356 /* SUHumidity.swift in Sources */ = {isa = PBXBuildFile; fileRef = 14A4D284290E5BAC00F76356 /* SUHumidity.swift */; };
		14A4D287290E5BBB00F76356 /* SUSwitch.swift in Sources */ = {isa = PBXBuildFile; fileRef = 14A4D286290E5BBB00F76356 /* SUSwitch.swift */; };
		14A4D28D290E5C8600F76356 /* SUAccessory.swift in Sources */ = {isa = PBXBuildFile; fileRef = 14A4D28C290E5C8600F76356 /* SUAccessory.swift */; };
		14A4D28F290E5CF300F76356 /* SUClimate.swift in Sources */ = {isa = PBXBuildFile; fileRef = 14A4D28E290E5CF300F76356 /* SUClimate.swift */; };
		14A4D291290E759A00F76356 /* MenuData.swift in Sources */ = {isa = PBXBuildFile; fileRef = 14A4D290290E759A00F76356 /* MenuData.swift */; };
		14A4D293290E78C100F76356 /* SURoom.swift in Sources */ = {isa = PBXBuildFile; fileRef = 14A4D292290E78C100F76356 /* SURoom.swift */; };
		14A4D295290E795000F76356 /* SUCharateristic.swift in Sources */ = {isa = PBXBuildFile; fileRef = 14A4D294290E795000F76356 /* SUCharateristic.swift */; };
		14A4D297290FEAD800F76356 /* SUColorPanel.swift in Sources */ = {isa = PBXBuildFile; fileRef = 14A4D296290FEAD800F76356 /* SUColorPanel.swift */; };
		14A4D299290FEB2600F76356 /* ColorWheelPanelView in Frameworks */ = {isa = PBXBuildFile; productRef = 14A4D298290FEB2600F76356 /* ColorWheelPanelView */; };
		14A7D66D28F50F77007088BB /* CryptoSwift in Frameworks */ = {isa = PBXBuildFile; productRef = 14A7D66C28F50F77007088BB /* CryptoSwift */; };
		14A7D66F28F50F95007088BB /* CryptoSwift in Frameworks */ = {isa = PBXBuildFile; productRef = 14A7D66E28F50F95007088BB /* CryptoSwift */; };
		14A839EF280FDBD20083EE1D /* LaunchViewController.swift in Sources */ = {isa = PBXBuildFile; fileRef = 14A839EE280FDBD20083EE1D /* LaunchViewController.swift */; };
		14A839FA280FEE3B0083EE1D /* Camera.storyboard in Resources */ = {isa = PBXBuildFile; fileRef = 14A839F7280FEE3B0083EE1D /* Camera.storyboard */; };
		14A839FB280FEE3B0083EE1D /* LaunchScreen.storyboard in Resources */ = {isa = PBXBuildFile; fileRef = 14A839F8280FEE3B0083EE1D /* LaunchScreen.storyboard */; };
		14A839FC280FEE530083EE1D /* Main.storyboard in Resources */ = {isa = PBXBuildFile; fileRef = 14A839FE280FEE530083EE1D /* Main.storyboard */; };
		14B0F96C28F293510014AA07 /* TestController.swift in Sources */ = {isa = PBXBuildFile; fileRef = 14B0F96B28F293510014AA07 /* TestController.swift */; };
		14B0F96D28F293D00014AA07 /* Log.swift in Sources */ = {isa = PBXBuildFile; fileRef = 14FA4A9C282117980002ECB8 /* Log.swift */; };
		14B0F96F28F457210014AA07 /* AppleScriptController.swift in Sources */ = {isa = PBXBuildFile; fileRef = 14B0F96E28F457210014AA07 /* AppleScriptController.swift */; };
		14C0EFF72816A50B00E6C2B2 /* Localizable.strings in Resources */ = {isa = PBXBuildFile; fileRef = 14C0EFFA2816A50B00E6C2B2 /* Localizable.strings */; };
		14C0EFF82816A50B00E6C2B2 /* Localizable.strings in Resources */ = {isa = PBXBuildFile; fileRef = 14C0EFFA2816A50B00E6C2B2 /* Localizable.strings */; };
		14FA4A9D282117980002ECB8 /* Log.swift in Sources */ = {isa = PBXBuildFile; fileRef = 14FA4A9C282117980002ECB8 /* Log.swift */; };
		14FA4A9E282117980002ECB8 /* Log.swift in Sources */ = {isa = PBXBuildFile; fileRef = 14FA4A9C282117980002ECB8 /* Log.swift */; };
		14FA4AA62825296D0002ECB8 /* BaseManager+HomeKit.swift in Sources */ = {isa = PBXBuildFile; fileRef = 14FA4AA52825296D0002ECB8 /* BaseManager+HomeKit.swift */; };
		14FA4AA82825550F0002ECB8 /* ActionSetInfo.swift in Sources */ = {isa = PBXBuildFile; fileRef = 14FA4AA72825550F0002ECB8 /* ActionSetInfo.swift */; };
		14FA4AA92825550F0002ECB8 /* ActionSetInfo.swift in Sources */ = {isa = PBXBuildFile; fileRef = 14FA4AA72825550F0002ECB8 /* ActionSetInfo.swift */; };
		14FA4AAB282558240002ECB8 /* ActionSetMenuItem.swift in Sources */ = {isa = PBXBuildFile; fileRef = 14FA4AAA282558240002ECB8 /* ActionSetMenuItem.swift */; };
		14FA4AAD28256B940002ECB8 /* PreferenceView.swift in Sources */ = {isa = PBXBuildFile; fileRef = 14FA4AAC28256B940002ECB8 /* PreferenceView.swift */; };
		14FA4AB128260D730002ECB8 /* PreferenceModel.swift in Sources */ = {isa = PBXBuildFile; fileRef = 14FA4AB028260D730002ECB8 /* PreferenceModel.swift */; };
		14FA4AB52827870F0002ECB8 /* Error.swift in Sources */ = {isa = PBXBuildFile; fileRef = 14FA4AB42827870F0002ECB8 /* Error.swift */; };
		14FA4AB6282787C00002ECB8 /* Error.swift in Sources */ = {isa = PBXBuildFile; fileRef = 14FA4AB42827870F0002ECB8 /* Error.swift */; };
		14FA5D4328E134E700C75BB2 /* HomeConMenuSwiftUIApp.swift in Sources */ = {isa = PBXBuildFile; fileRef = 14FA5D4228E134E700C75BB2 /* HomeConMenuSwiftUIApp.swift */; };
		14FA5D4528E134E700C75BB2 /* ContentView.swift in Sources */ = {isa = PBXBuildFile; fileRef = 14FA5D4428E134E700C75BB2 /* ContentView.swift */; };
		14FA5D4728E134E800C75BB2 /* Assets.xcassets in Resources */ = {isa = PBXBuildFile; fileRef = 14FA5D4628E134E800C75BB2 /* Assets.xcassets */; };
		14FA5D4A28E134E800C75BB2 /* Preview Assets.xcassets in Resources */ = {isa = PBXBuildFile; fileRef = 14FA5D4928E134E800C75BB2 /* Preview Assets.xcassets */; };
		14FA5D5228E1429600C75BB2 /* HomeConMenuSwiftUIApp.sdef in Resources */ = {isa = PBXBuildFile; fileRef = 14FA5D5128E1429600C75BB2 /* HomeConMenuSwiftUIApp.sdef */; };
		14FA5D6428E146F200C75BB2 /* macOSBridge.bundle in Embed PlugIns */ = {isa = PBXBuildFile; fileRef = 142DE09327E8B928006CBAFE /* macOSBridge.bundle */; settings = {ATTRIBUTES = (CodeSignOnCopy, RemoveHeadersOnCopy, ); }; };
		14FA5D6C28E148C600C75BB2 /* HomeConMenuSwiftUI.app in Embed PlugIns */ = {isa = PBXBuildFile; fileRef = 14FA5D4028E134E700C75BB2 /* HomeConMenuSwiftUI.app */; platformFilter = maccatalyst; settings = {ATTRIBUTES = (RemoveHeadersOnCopy, ); }; };
/* End PBXBuildFile section */

/* Begin PBXContainerItemProxy section */
		14FA5D5428E1456F00C75BB2 /* PBXContainerItemProxy */ = {
			isa = PBXContainerItemProxy;
			containerPortal = 142DE06027E8B80E006CBAFE /* Project object */;
			proxyType = 1;
			remoteGlobalIDString = 14FA5D3F28E134E700C75BB2;
			remoteInfo = HomeConMenuSwiftUI;
		};
		14FA5D6528E146F200C75BB2 /* PBXContainerItemProxy */ = {
			isa = PBXContainerItemProxy;
			containerPortal = 142DE06027E8B80E006CBAFE /* Project object */;
			proxyType = 1;
			remoteGlobalIDString = 142DE09227E8B928006CBAFE;
			remoteInfo = macOSBridge;
		};
/* End PBXContainerItemProxy section */

/* Begin PBXCopyFilesBuildPhase section */
		14FA5D6728E146F300C75BB2 /* Embed PlugIns */ = {
			isa = PBXCopyFilesBuildPhase;
			buildActionMask = 2147483647;
			dstPath = "";
			dstSubfolderSpec = 13;
			files = (
				14FA5D6C28E148C600C75BB2 /* HomeConMenuSwiftUI.app in Embed PlugIns */,
				14FA5D6428E146F200C75BB2 /* macOSBridge.bundle in Embed PlugIns */,
			);
			name = "Embed PlugIns";
			runOnlyForDeploymentPostprocessing = 0;
		};
/* End PBXCopyFilesBuildPhase section */

/* Begin PBXFileReference section */
		14000AD6290C21E400CE15B2 /* AppDelegate.swift */ = {isa = PBXFileReference; lastKnownFileType = sourcecode.swift; path = AppDelegate.swift; sourceTree = "<group>"; };
		14000ADA290D29F300CE15B2 /* SensorMenuItem.swift */ = {isa = PBXFileReference; lastKnownFileType = sourcecode.swift; path = SensorMenuItem.swift; sourceTree = "<group>"; };
		142C4DB92906718700A8A872 /* HCRoom.swift */ = {isa = PBXFileReference; lastKnownFileType = sourcecode.swift; path = HCRoom.swift; sourceTree = "<group>"; };
		142C4DBD290671BC00A8A872 /* HCAccessory.swift */ = {isa = PBXFileReference; lastKnownFileType = sourcecode.swift; path = HCAccessory.swift; sourceTree = "<group>"; };
		142C4DC1290671E200A8A872 /* HCCharacteristic.swift */ = {isa = PBXFileReference; lastKnownFileType = sourcecode.swift; path = HCCharacteristic.swift; sourceTree = "<group>"; };
		142C4DC5290672C700A8A872 /* HCActionSet.swift */ = {isa = PBXFileReference; lastKnownFileType = sourcecode.swift; path = HCActionSet.swift; sourceTree = "<group>"; };
		142C4DC92906743800A8A872 /* HCServiceGroup.swift */ = {isa = PBXFileReference; lastKnownFileType = sourcecode.swift; path = HCServiceGroup.swift; sourceTree = "<group>"; };
		142C4DCD2906CB2200A8A872 /* HCCommunication.swift */ = {isa = PBXFileReference; lastKnownFileType = sourcecode.swift; path = HCCommunication.swift; sourceTree = "<group>"; };
		142DE06827E8B80E006CBAFE /* HomeConMenu.app */ = {isa = PBXFileReference; explicitFileType = wrapper.application; includeInIndex = 0; path = HomeConMenu.app; sourceTree = BUILT_PRODUCTS_DIR; };
		142DE06B27E8B80E006CBAFE /* AppDelegate.swift */ = {isa = PBXFileReference; lastKnownFileType = sourcecode.swift; path = AppDelegate.swift; sourceTree = "<group>"; };
		142DE06D27E8B80E006CBAFE /* SceneDelegate.swift */ = {isa = PBXFileReference; lastKnownFileType = sourcecode.swift; path = SceneDelegate.swift; sourceTree = "<group>"; };
		142DE06F27E8B80E006CBAFE /* ViewController.swift */ = {isa = PBXFileReference; lastKnownFileType = sourcecode.swift; path = ViewController.swift; sourceTree = "<group>"; };
		142DE07427E8B80F006CBAFE /* Assets.xcassets */ = {isa = PBXFileReference; lastKnownFileType = folder.assetcatalog; path = Assets.xcassets; sourceTree = "<group>"; };
		142DE07927E8B80F006CBAFE /* Info.plist */ = {isa = PBXFileReference; lastKnownFileType = text.plist.xml; path = Info.plist; sourceTree = "<group>"; };
		142DE07F27E8B814006CBAFE /* HomeConMenu.entitlements */ = {isa = PBXFileReference; lastKnownFileType = text.plist.entitlements; path = HomeConMenu.entitlements; sourceTree = "<group>"; };
		142DE08127E8B89A006CBAFE /* HomeKit.framework */ = {isa = PBXFileReference; lastKnownFileType = wrapper.framework; name = HomeKit.framework; path = Platforms/MacOSX.platform/Developer/SDKs/MacOSX12.3.sdk/System/iOSSupport/System/Library/Frameworks/HomeKit.framework; sourceTree = DEVELOPER_DIR; };
		142DE09327E8B928006CBAFE /* macOSBridge.bundle */ = {isa = PBXFileReference; explicitFileType = wrapper.cfbundle; includeInIndex = 0; path = macOSBridge.bundle; sourceTree = BUILT_PRODUCTS_DIR; };
		142DE09B27E8B9C3006CBAFE /* HomeKitExtension.swift */ = {isa = PBXFileReference; fileEncoding = 4; lastKnownFileType = sourcecode.swift; path = HomeKitExtension.swift; sourceTree = "<group>"; };
		142DE09C27E8B9C3006CBAFE /* BaseManager.swift */ = {isa = PBXFileReference; fileEncoding = 4; lastKnownFileType = sourcecode.swift; path = BaseManager.swift; sourceTree = "<group>"; };
		142DE09D27E8B9C3006CBAFE /* DummyViewController.swift */ = {isa = PBXFileReference; fileEncoding = 4; lastKnownFileType = sourcecode.swift; path = DummyViewController.swift; sourceTree = "<group>"; };
		142DE09E27E8B9C3006CBAFE /* CameraViewController.swift */ = {isa = PBXFileReference; fileEncoding = 4; lastKnownFileType = sourcecode.swift; path = CameraViewController.swift; sourceTree = "<group>"; };
		142DE0B027E8BAC2006CBAFE /* macOSBridge-Bridging-Header.h */ = {isa = PBXFileReference; lastKnownFileType = sourcecode.c.h; path = "macOSBridge-Bridging-Header.h"; sourceTree = "<group>"; };
		142DE0B127E8BAC2006CBAFE /* CharacteristicInfo.swift */ = {isa = PBXFileReference; fileEncoding = 4; lastKnownFileType = sourcecode.swift; path = CharacteristicInfo.swift; sourceTree = "<group>"; };
		142DE0B227E8BAC2006CBAFE /* RoomInfo.swift */ = {isa = PBXFileReference; fileEncoding = 4; lastKnownFileType = sourcecode.swift; path = RoomInfo.swift; sourceTree = "<group>"; };
		142DE0B327E8BAC2006CBAFE /* ServiceTypeBridge.swift */ = {isa = PBXFileReference; fileEncoding = 4; lastKnownFileType = sourcecode.swift; path = ServiceTypeBridge.swift; sourceTree = "<group>"; };
		142DE0B427E8BAC2006CBAFE /* HomeInfo.swift */ = {isa = PBXFileReference; fileEncoding = 4; lastKnownFileType = sourcecode.swift; path = HomeInfo.swift; sourceTree = "<group>"; };
		142DE0B527E8BAC2006CBAFE /* CharacteristicTypeBridge.swift */ = {isa = PBXFileReference; fileEncoding = 4; lastKnownFileType = sourcecode.swift; path = CharacteristicTypeBridge.swift; sourceTree = "<group>"; };
		142DE0B627E8BAC2006CBAFE /* AccessoryTypeBridge.swift */ = {isa = PBXFileReference; fileEncoding = 4; lastKnownFileType = sourcecode.swift; path = AccessoryTypeBridge.swift; sourceTree = "<group>"; };
		142DE0B727E8BAC2006CBAFE /* AccessoryInfo.swift */ = {isa = PBXFileReference; fileEncoding = 4; lastKnownFileType = sourcecode.swift; path = AccessoryInfo.swift; sourceTree = "<group>"; };
		142DE0B827E8BAC2006CBAFE /* ServiceInfo.swift */ = {isa = PBXFileReference; fileEncoding = 4; lastKnownFileType = sourcecode.swift; path = ServiceInfo.swift; sourceTree = "<group>"; };
		142DE0CB27E8BAE1006CBAFE /* MacOSController.swift */ = {isa = PBXFileReference; fileEncoding = 4; lastKnownFileType = sourcecode.swift; path = MacOSController.swift; sourceTree = "<group>"; };
		142DE0CD27E8BAE1006CBAFE /* InterfaceProtocols.swift */ = {isa = PBXFileReference; fileEncoding = 4; lastKnownFileType = sourcecode.swift; path = InterfaceProtocols.swift; sourceTree = "<group>"; };
		142DE0D027E8BAE1006CBAFE /* NSMenuItem+HomeMenu.swift */ = {isa = PBXFileReference; fileEncoding = 4; lastKnownFileType = sourcecode.swift; path = "NSMenuItem+HomeMenu.swift"; sourceTree = "<group>"; };
		142DE0DC27E8BB9C006CBAFE /* macOSBridge-Info.plist */ = {isa = PBXFileReference; lastKnownFileType = text.plist.xml; path = "macOSBridge-Info.plist"; sourceTree = "<group>"; };
		14669EE928F17F1400FFF73F /* HCHome.swift */ = {isa = PBXFileReference; lastKnownFileType = sourcecode.swift; path = HCHome.swift; sourceTree = "<group>"; };
		14669EED28F22CF500FFF73F /* HCAccessoryType.swift */ = {isa = PBXFileReference; lastKnownFileType = sourcecode.swift; path = HCAccessoryType.swift; sourceTree = "<group>"; };
		14669EF128F22D1700FFF73F /* HCCharacteristicType.swift */ = {isa = PBXFileReference; lastKnownFileType = sourcecode.swift; path = HCCharacteristicType.swift; sourceTree = "<group>"; };
		14669EF528F2416400FFF73F /* HCServiceType.swift */ = {isa = PBXFileReference; lastKnownFileType = sourcecode.swift; path = HCServiceType.swift; sourceTree = "<group>"; };
		14669EFA28F241A800FFF73F /* HCService.swift */ = {isa = PBXFileReference; lastKnownFileType = sourcecode.swift; path = HCService.swift; sourceTree = "<group>"; };
		14669EFE28F242DB00FFF73F /* BaseManager+Codable.swift */ = {isa = PBXFileReference; lastKnownFileType = sourcecode.swift; path = "BaseManager+Codable.swift"; sourceTree = "<group>"; };
		14A06A452811664000BC41BD /* SensorMenuItem.swift */ = {isa = PBXFileReference; fileEncoding = 4; lastKnownFileType = sourcecode.swift; path = SensorMenuItem.swift; sourceTree = "<group>"; };
		14A06A462811664000BC41BD /* CameraMenuItem.swift */ = {isa = PBXFileReference; fileEncoding = 4; lastKnownFileType = sourcecode.swift; path = CameraMenuItem.swift; sourceTree = "<group>"; };
		14A06A472811664000BC41BD /* LightColorMenuItem.swift */ = {isa = PBXFileReference; fileEncoding = 4; lastKnownFileType = sourcecode.swift; path = LightColorMenuItem.swift; sourceTree = "<group>"; };
		14A06A482811664000BC41BD /* LightbulbMenuItem.swift */ = {isa = PBXFileReference; fileEncoding = 4; lastKnownFileType = sourcecode.swift; path = LightbulbMenuItem.swift; sourceTree = "<group>"; };
		14A06A492811664000BC41BD /* MenuItemFromUUID.swift */ = {isa = PBXFileReference; fileEncoding = 4; lastKnownFileType = sourcecode.swift; path = MenuItemFromUUID.swift; sourceTree = "<group>"; };
		14A06A4A2811664000BC41BD /* ToggleMenuItem.swift */ = {isa = PBXFileReference; fileEncoding = 4; lastKnownFileType = sourcecode.swift; path = ToggleMenuItem.swift; sourceTree = "<group>"; };
		14A06A562811665800BC41BD /* ServiceGroupInfo.swift */ = {isa = PBXFileReference; fileEncoding = 4; lastKnownFileType = sourcecode.swift; path = ServiceGroupInfo.swift; sourceTree = "<group>"; };
		14A4D27E290D490800F76356 /* MenuView.swift */ = {isa = PBXFileReference; lastKnownFileType = sourcecode.swift; path = MenuView.swift; sourceTree = "<group>"; };
		14A4D280290D6A8100F76356 /* MainData.swift */ = {isa = PBXFileReference; lastKnownFileType = sourcecode.swift; path = MainData.swift; sourceTree = "<group>"; };
		14A4D282290E5B9D00F76356 /* SUTemperature.swift */ = {isa = PBXFileReference; lastKnownFileType = sourcecode.swift; path = SUTemperature.swift; sourceTree = "<group>"; };
		14A4D284290E5BAC00F76356 /* SUHumidity.swift */ = {isa = PBXFileReference; lastKnownFileType = sourcecode.swift; path = SUHumidity.swift; sourceTree = "<group>"; };
		14A4D286290E5BBB00F76356 /* SUSwitch.swift */ = {isa = PBXFileReference; lastKnownFileType = sourcecode.swift; path = SUSwitch.swift; sourceTree = "<group>"; };
		14A4D28C290E5C8600F76356 /* SUAccessory.swift */ = {isa = PBXFileReference; lastKnownFileType = sourcecode.swift; path = SUAccessory.swift; sourceTree = "<group>"; };
		14A4D28E290E5CF300F76356 /* SUClimate.swift */ = {isa = PBXFileReference; lastKnownFileType = sourcecode.swift; path = SUClimate.swift; sourceTree = "<group>"; };
		14A4D290290E759A00F76356 /* MenuData.swift */ = {isa = PBXFileReference; lastKnownFileType = sourcecode.swift; path = MenuData.swift; sourceTree = "<group>"; };
		14A4D292290E78C100F76356 /* SURoom.swift */ = {isa = PBXFileReference; lastKnownFileType = sourcecode.swift; path = SURoom.swift; sourceTree = "<group>"; };
		14A4D294290E795000F76356 /* SUCharateristic.swift */ = {isa = PBXFileReference; lastKnownFileType = sourcecode.swift; path = SUCharateristic.swift; sourceTree = "<group>"; };
		14A4D296290FEAD800F76356 /* SUColorPanel.swift */ = {isa = PBXFileReference; lastKnownFileType = sourcecode.swift; path = SUColorPanel.swift; sourceTree = "<group>"; };
		14A839EE280FDBD20083EE1D /* LaunchViewController.swift */ = {isa = PBXFileReference; lastKnownFileType = sourcecode.swift; path = LaunchViewController.swift; sourceTree = "<group>"; };
		14A839F7280FEE3B0083EE1D /* Camera.storyboard */ = {isa = PBXFileReference; fileEncoding = 4; lastKnownFileType = file.storyboard; path = Camera.storyboard; sourceTree = "<group>"; };
		14A839F8280FEE3B0083EE1D /* LaunchScreen.storyboard */ = {isa = PBXFileReference; fileEncoding = 4; lastKnownFileType = file.storyboard; path = LaunchScreen.storyboard; sourceTree = "<group>"; };
		14A839FD280FEE530083EE1D /* en */ = {isa = PBXFileReference; lastKnownFileType = file.storyboard; name = en; path = en.lproj/Main.storyboard; sourceTree = "<group>"; };
		14A839FF280FEE5E0083EE1D /* ja */ = {isa = PBXFileReference; lastKnownFileType = file.storyboard; name = ja; path = ja.lproj/Main.storyboard; sourceTree = "<group>"; };
		14B0F96B28F293510014AA07 /* TestController.swift */ = {isa = PBXFileReference; lastKnownFileType = sourcecode.swift; path = TestController.swift; sourceTree = "<group>"; };
		14B0F96E28F457210014AA07 /* AppleScriptController.swift */ = {isa = PBXFileReference; lastKnownFileType = sourcecode.swift; path = AppleScriptController.swift; sourceTree = "<group>"; };
		14C0EFF92816A50B00E6C2B2 /* en */ = {isa = PBXFileReference; lastKnownFileType = text.plist.strings; name = en; path = en.lproj/Localizable.strings; sourceTree = "<group>"; };
		14C0EFFB2816A50E00E6C2B2 /* ja */ = {isa = PBXFileReference; lastKnownFileType = text.plist.strings; name = ja; path = ja.lproj/Localizable.strings; sourceTree = "<group>"; };
		14FA4A9C282117980002ECB8 /* Log.swift */ = {isa = PBXFileReference; lastKnownFileType = sourcecode.swift; path = Log.swift; sourceTree = "<group>"; };
		14FA4AA52825296D0002ECB8 /* BaseManager+HomeKit.swift */ = {isa = PBXFileReference; lastKnownFileType = sourcecode.swift; path = "BaseManager+HomeKit.swift"; sourceTree = "<group>"; };
		14FA4AA72825550F0002ECB8 /* ActionSetInfo.swift */ = {isa = PBXFileReference; lastKnownFileType = sourcecode.swift; path = ActionSetInfo.swift; sourceTree = "<group>"; };
		14FA4AAA282558240002ECB8 /* ActionSetMenuItem.swift */ = {isa = PBXFileReference; lastKnownFileType = sourcecode.swift; path = ActionSetMenuItem.swift; sourceTree = "<group>"; };
		14FA4AAC28256B940002ECB8 /* PreferenceView.swift */ = {isa = PBXFileReference; lastKnownFileType = sourcecode.swift; path = PreferenceView.swift; sourceTree = "<group>"; };
		14FA4AB028260D730002ECB8 /* PreferenceModel.swift */ = {isa = PBXFileReference; lastKnownFileType = sourcecode.swift; path = PreferenceModel.swift; sourceTree = "<group>"; };
		14FA4AB42827870F0002ECB8 /* Error.swift */ = {isa = PBXFileReference; lastKnownFileType = sourcecode.swift; path = Error.swift; sourceTree = "<group>"; };
		14FA5D4028E134E700C75BB2 /* HomeConMenuSwiftUI.app */ = {isa = PBXFileReference; explicitFileType = wrapper.application; includeInIndex = 0; path = HomeConMenuSwiftUI.app; sourceTree = BUILT_PRODUCTS_DIR; };
		14FA5D4228E134E700C75BB2 /* HomeConMenuSwiftUIApp.swift */ = {isa = PBXFileReference; lastKnownFileType = sourcecode.swift; path = HomeConMenuSwiftUIApp.swift; sourceTree = "<group>"; };
		14FA5D4428E134E700C75BB2 /* ContentView.swift */ = {isa = PBXFileReference; lastKnownFileType = sourcecode.swift; path = ContentView.swift; sourceTree = "<group>"; };
		14FA5D4628E134E800C75BB2 /* Assets.xcassets */ = {isa = PBXFileReference; lastKnownFileType = folder.assetcatalog; path = Assets.xcassets; sourceTree = "<group>"; };
		14FA5D4928E134E800C75BB2 /* Preview Assets.xcassets */ = {isa = PBXFileReference; lastKnownFileType = folder.assetcatalog; path = "Preview Assets.xcassets"; sourceTree = "<group>"; };
		14FA5D4B28E134E800C75BB2 /* HomeConMenuSwiftUI.entitlements */ = {isa = PBXFileReference; lastKnownFileType = text.plist.entitlements; path = HomeConMenuSwiftUI.entitlements; sourceTree = "<group>"; };
		14FA5D5128E1429600C75BB2 /* HomeConMenuSwiftUIApp.sdef */ = {isa = PBXFileReference; fileEncoding = 4; lastKnownFileType = text.xml; path = HomeConMenuSwiftUIApp.sdef; sourceTree = "<group>"; };
		14FA5D6D28E1627F00C75BB2 /* Info.plist */ = {isa = PBXFileReference; lastKnownFileType = text.plist; path = Info.plist; sourceTree = "<group>"; };
/* End PBXFileReference section */

/* Begin PBXFrameworksBuildPhase section */
		142DE06527E8B80E006CBAFE /* Frameworks */ = {
			isa = PBXFrameworksBuildPhase;
			buildActionMask = 2147483647;
			files = (
				142DE08227E8B89A006CBAFE /* HomeKit.framework in Frameworks */,
			);
			runOnlyForDeploymentPostprocessing = 0;
		};
		142DE09027E8B928006CBAFE /* Frameworks */ = {
			isa = PBXFrameworksBuildPhase;
			buildActionMask = 2147483647;
			files = (
				14746C4C2813C1BE00666682 /* ColorWheelPanelView in Frameworks */,
				14A7D66D28F50F77007088BB /* CryptoSwift in Frameworks */,
			);
			runOnlyForDeploymentPostprocessing = 0;
		};
		14FA5D3D28E134E700C75BB2 /* Frameworks */ = {
			isa = PBXFrameworksBuildPhase;
			buildActionMask = 2147483647;
			files = (
				14A4D299290FEB2600F76356 /* ColorWheelPanelView in Frameworks */,
				14A7D66F28F50F95007088BB /* CryptoSwift in Frameworks */,
			);
			runOnlyForDeploymentPostprocessing = 0;
		};
/* End PBXFrameworksBuildPhase section */

/* Begin PBXGroup section */
		142DE05F27E8B80E006CBAFE = {
			isa = PBXGroup;
			children = (
				142DE06A27E8B80E006CBAFE /* HomeConMenu */,
				14FA5D4128E134E700C75BB2 /* HomeConMenuSwiftUI */,
				142DE06927E8B80E006CBAFE /* Products */,
				142DE08027E8B89A006CBAFE /* Frameworks */,
			);
			sourceTree = "<group>";
		};
		142DE06927E8B80E006CBAFE /* Products */ = {
			isa = PBXGroup;
			children = (
				142DE06827E8B80E006CBAFE /* HomeConMenu.app */,
				142DE09327E8B928006CBAFE /* macOSBridge.bundle */,
				14FA5D4028E134E700C75BB2 /* HomeConMenuSwiftUI.app */,
			);
			name = Products;
			sourceTree = "<group>";
		};
		142DE06A27E8B80E006CBAFE /* HomeConMenu */ = {
			isa = PBXGroup;
			children = (
				14669EE828F17EDE00FFF73F /* HC */,
				146D209527F03F8900162EB1 /* macOS */,
				146D209427F03F8100162EB1 /* Shared */,
				146D209327F03F7800162EB1 /* iOS */,
				146D209627F03FD000162EB1 /* Resources */,
				142DE07927E8B80F006CBAFE /* Info.plist */,
				142DE07F27E8B814006CBAFE /* HomeConMenu.entitlements */,
				142DE07427E8B80F006CBAFE /* Assets.xcassets */,
				142DE0B027E8BAC2006CBAFE /* macOSBridge-Bridging-Header.h */,
				142DE0DC27E8BB9C006CBAFE /* macOSBridge-Info.plist */,
			);
			path = HomeConMenu;
			sourceTree = "<group>";
		};
		142DE08027E8B89A006CBAFE /* Frameworks */ = {
			isa = PBXGroup;
			children = (
				142DE08127E8B89A006CBAFE /* HomeKit.framework */,
			);
			name = Frameworks;
			sourceTree = "<group>";
		};
		14669EE828F17EDE00FFF73F /* HC */ = {
			isa = PBXGroup;
			children = (
				14669EE928F17F1400FFF73F /* HCHome.swift */,
				142C4DB92906718700A8A872 /* HCRoom.swift */,
				142C4DBD290671BC00A8A872 /* HCAccessory.swift */,
				14669EED28F22CF500FFF73F /* HCAccessoryType.swift */,
				142C4DC1290671E200A8A872 /* HCCharacteristic.swift */,
				14669EF128F22D1700FFF73F /* HCCharacteristicType.swift */,
				14669EFA28F241A800FFF73F /* HCService.swift */,
				142C4DC92906743800A8A872 /* HCServiceGroup.swift */,
				14669EF528F2416400FFF73F /* HCServiceType.swift */,
				142C4DC5290672C700A8A872 /* HCActionSet.swift */,
				142C4DCD2906CB2200A8A872 /* HCCommunication.swift */,
			);
			path = HC;
			sourceTree = "<group>";
		};
		146D209327F03F7800162EB1 /* iOS */ = {
			isa = PBXGroup;
			children = (
				14FA4AAC28256B940002ECB8 /* PreferenceView.swift */,
				14FA4AB028260D730002ECB8 /* PreferenceModel.swift */,
				142DE06B27E8B80E006CBAFE /* AppDelegate.swift */,
				142DE09C27E8B9C3006CBAFE /* BaseManager.swift */,
				14FA4AA52825296D0002ECB8 /* BaseManager+HomeKit.swift */,
				14669EFE28F242DB00FFF73F /* BaseManager+Codable.swift */,
				142DE09E27E8B9C3006CBAFE /* CameraViewController.swift */,
				142DE09D27E8B9C3006CBAFE /* DummyViewController.swift */,
				14A839EE280FDBD20083EE1D /* LaunchViewController.swift */,
				142DE09B27E8B9C3006CBAFE /* HomeKitExtension.swift */,
				142DE06D27E8B80E006CBAFE /* SceneDelegate.swift */,
				142DE06F27E8B80E006CBAFE /* ViewController.swift */,
			);
			path = iOS;
			sourceTree = "<group>";
		};
		146D209427F03F8100162EB1 /* Shared */ = {
			isa = PBXGroup;
			children = (
				14A06A562811665800BC41BD /* ServiceGroupInfo.swift */,
				142DE0CD27E8BAE1006CBAFE /* InterfaceProtocols.swift */,
				142DE0B727E8BAC2006CBAFE /* AccessoryInfo.swift */,
				142DE0B627E8BAC2006CBAFE /* AccessoryTypeBridge.swift */,
				142DE0B127E8BAC2006CBAFE /* CharacteristicInfo.swift */,
				142DE0B527E8BAC2006CBAFE /* CharacteristicTypeBridge.swift */,
				142DE0B427E8BAC2006CBAFE /* HomeInfo.swift */,
				142DE0B227E8BAC2006CBAFE /* RoomInfo.swift */,
				142DE0B827E8BAC2006CBAFE /* ServiceInfo.swift */,
				142DE0B327E8BAC2006CBAFE /* ServiceTypeBridge.swift */,
				14FA4A9C282117980002ECB8 /* Log.swift */,
				14FA4AA72825550F0002ECB8 /* ActionSetInfo.swift */,
				14FA4AB42827870F0002ECB8 /* Error.swift */,
			);
			path = Shared;
			sourceTree = "<group>";
		};
		146D209527F03F8900162EB1 /* macOS */ = {
			isa = PBXGroup;
			children = (
				14A06A462811664000BC41BD /* CameraMenuItem.swift */,
				14A06A482811664000BC41BD /* LightbulbMenuItem.swift */,
				14A06A472811664000BC41BD /* LightColorMenuItem.swift */,
				14A06A492811664000BC41BD /* MenuItemFromUUID.swift */,
				14A06A4A2811664000BC41BD /* ToggleMenuItem.swift */,
				14A06A452811664000BC41BD /* SensorMenuItem.swift */,
				14FA4AAA282558240002ECB8 /* ActionSetMenuItem.swift */,
				142DE0CB27E8BAE1006CBAFE /* MacOSController.swift */,
				142DE0D027E8BAE1006CBAFE /* NSMenuItem+HomeMenu.swift */,
			);
			path = macOS;
			sourceTree = "<group>";
		};
		146D209627F03FD000162EB1 /* Resources */ = {
			isa = PBXGroup;
			children = (
				14A839F7280FEE3B0083EE1D /* Camera.storyboard */,
				14A839F8280FEE3B0083EE1D /* LaunchScreen.storyboard */,
				14A839FE280FEE530083EE1D /* Main.storyboard */,
				14C0EFFA2816A50B00E6C2B2 /* Localizable.strings */,
			);
			path = Resources;
			sourceTree = "<group>";
		};
		14FA5D4128E134E700C75BB2 /* HomeConMenuSwiftUI */ = {
			isa = PBXGroup;
			children = (
				14FA5D6D28E1627F00C75BB2 /* Info.plist */,
				14A4D290290E759A00F76356 /* MenuData.swift */,
				14FA5D4228E134E700C75BB2 /* HomeConMenuSwiftUIApp.swift */,
				14A4D280290D6A8100F76356 /* MainData.swift */,
				14A4D27E290D490800F76356 /* MenuView.swift */,
				14A4D296290FEAD800F76356 /* SUColorPanel.swift */,
				14000AD6290C21E400CE15B2 /* AppDelegate.swift */,
				14B0F96B28F293510014AA07 /* TestController.swift */,
				14B0F96E28F457210014AA07 /* AppleScriptController.swift */,
				14000ADA290D29F300CE15B2 /* SensorMenuItem.swift */,
				14FA5D4428E134E700C75BB2 /* ContentView.swift */,
				14FA5D4628E134E800C75BB2 /* Assets.xcassets */,
				14FA5D4B28E134E800C75BB2 /* HomeConMenuSwiftUI.entitlements */,
				14FA5D5128E1429600C75BB2 /* HomeConMenuSwiftUIApp.sdef */,
				14FA5D4828E134E800C75BB2 /* Preview Content */,
				14A4D292290E78C100F76356 /* SURoom.swift */,
				14A4D28C290E5C8600F76356 /* SUAccessory.swift */,
				14A4D294290E795000F76356 /* SUCharateristic.swift */,
				14A4D28E290E5CF300F76356 /* SUClimate.swift */,
				14A4D282290E5B9D00F76356 /* SUTemperature.swift */,
				14A4D284290E5BAC00F76356 /* SUHumidity.swift */,
				14A4D286290E5BBB00F76356 /* SUSwitch.swift */,
			);
			path = HomeConMenuSwiftUI;
			sourceTree = "<group>";
		};
		14FA5D4828E134E800C75BB2 /* Preview Content */ = {
			isa = PBXGroup;
			children = (
				14FA5D4928E134E800C75BB2 /* Preview Assets.xcassets */,
			);
			path = "Preview Content";
			sourceTree = "<group>";
		};
/* End PBXGroup section */

/* Begin PBXNativeTarget section */
		142DE06727E8B80E006CBAFE /* HomeConMenu */ = {
			isa = PBXNativeTarget;
			buildConfigurationList = 142DE07C27E8B80F006CBAFE /* Build configuration list for PBXNativeTarget "HomeConMenu" */;
			buildPhases = (
				142DE06427E8B80E006CBAFE /* Sources */,
				142DE06527E8B80E006CBAFE /* Frameworks */,
				142DE06627E8B80E006CBAFE /* Resources */,
				14FA5D6728E146F300C75BB2 /* Embed PlugIns */,
			);
			buildRules = (
			);
			dependencies = (
				14FA5D5528E1456F00C75BB2 /* PBXTargetDependency */,
				14FA5D6628E146F200C75BB2 /* PBXTargetDependency */,
			);
			name = HomeConMenu;
			packageProductDependencies = (
			);
			productName = HomeConMenu;
			productReference = 142DE06827E8B80E006CBAFE /* HomeConMenu.app */;
			productType = "com.apple.product-type.application";
		};
		142DE09227E8B928006CBAFE /* macOSBridge */ = {
			isa = PBXNativeTarget;
			buildConfigurationList = 142DE09427E8B928006CBAFE /* Build configuration list for PBXNativeTarget "macOSBridge" */;
			buildPhases = (
				142DE08F27E8B928006CBAFE /* Sources */,
				142DE09027E8B928006CBAFE /* Frameworks */,
				142DE09127E8B928006CBAFE /* Resources */,
			);
			buildRules = (
			);
			dependencies = (
			);
			name = macOSBridge;
			packageProductDependencies = (
				14746C4B2813C1BE00666682 /* ColorWheelPanelView */,
				14A7D66C28F50F77007088BB /* CryptoSwift */,
			);
			productName = macOSBridge;
			productReference = 142DE09327E8B928006CBAFE /* macOSBridge.bundle */;
			productType = "com.apple.product-type.bundle";
		};
		14FA5D3F28E134E700C75BB2 /* HomeConMenuSwiftUI */ = {
			isa = PBXNativeTarget;
			buildConfigurationList = 14FA5D4E28E134E800C75BB2 /* Build configuration list for PBXNativeTarget "HomeConMenuSwiftUI" */;
			buildPhases = (
				14FA5D3C28E134E700C75BB2 /* Sources */,
				14FA5D3D28E134E700C75BB2 /* Frameworks */,
				14FA5D3E28E134E700C75BB2 /* Resources */,
			);
			buildRules = (
			);
			dependencies = (
			);
			name = HomeConMenuSwiftUI;
			packageProductDependencies = (
				14A7D66E28F50F95007088BB /* CryptoSwift */,
				14A4D298290FEB2600F76356 /* ColorWheelPanelView */,
			);
			productName = HomeConMenuSwiftUI;
			productReference = 14FA5D4028E134E700C75BB2 /* HomeConMenuSwiftUI.app */;
			productType = "com.apple.product-type.application";
		};
/* End PBXNativeTarget section */

/* Begin PBXProject section */
		142DE06027E8B80E006CBAFE /* Project object */ = {
			isa = PBXProject;
			attributes = {
				BuildIndependentTargetsInParallel = 1;
				LastSwiftUpdateCheck = 1400;
				LastUpgradeCheck = 1330;
				TargetAttributes = {
					142DE06727E8B80E006CBAFE = {
						CreatedOnToolsVersion = 13.3;
					};
					142DE09227E8B928006CBAFE = {
						CreatedOnToolsVersion = 13.3;
						LastSwiftMigration = 1330;
					};
					14FA5D3F28E134E700C75BB2 = {
						CreatedOnToolsVersion = 14.0;
					};
				};
			};
			buildConfigurationList = 142DE06327E8B80E006CBAFE /* Build configuration list for PBXProject "HomeConMenu" */;
			compatibilityVersion = "Xcode 13.0";
			developmentRegion = en;
			hasScannedForEncodings = 0;
			knownRegions = (
				en,
				ja,
			);
			mainGroup = 142DE05F27E8B80E006CBAFE;
			packageReferences = (
				14746C482813C19B00666682 /* XCRemoteSwiftPackageReference "ColorWheelPanelView" */,
				14A7D66928F50F4A007088BB /* XCRemoteSwiftPackageReference "CryptoSwift" */,
			);
			productRefGroup = 142DE06927E8B80E006CBAFE /* Products */;
			projectDirPath = "";
			projectRoot = "";
			targets = (
				142DE06727E8B80E006CBAFE /* HomeConMenu */,
				142DE09227E8B928006CBAFE /* macOSBridge */,
				14FA5D3F28E134E700C75BB2 /* HomeConMenuSwiftUI */,
			);
		};
/* End PBXProject section */

/* Begin PBXResourcesBuildPhase section */
		142DE06627E8B80E006CBAFE /* Resources */ = {
			isa = PBXResourcesBuildPhase;
			buildActionMask = 2147483647;
			files = (
				14C0EFF72816A50B00E6C2B2 /* Localizable.strings in Resources */,
				142DE07527E8B80F006CBAFE /* Assets.xcassets in Resources */,
				14A839FB280FEE3B0083EE1D /* LaunchScreen.storyboard in Resources */,
				14A839FA280FEE3B0083EE1D /* Camera.storyboard in Resources */,
				14A839FC280FEE530083EE1D /* Main.storyboard in Resources */,
			);
			runOnlyForDeploymentPostprocessing = 0;
		};
		142DE09127E8B928006CBAFE /* Resources */ = {
			isa = PBXResourcesBuildPhase;
			buildActionMask = 2147483647;
			files = (
				14C0EFF82816A50B00E6C2B2 /* Localizable.strings in Resources */,
			);
			runOnlyForDeploymentPostprocessing = 0;
		};
		14FA5D3E28E134E700C75BB2 /* Resources */ = {
			isa = PBXResourcesBuildPhase;
			buildActionMask = 2147483647;
			files = (
				14FA5D4A28E134E800C75BB2 /* Preview Assets.xcassets in Resources */,
				14FA5D4728E134E800C75BB2 /* Assets.xcassets in Resources */,
				14FA5D5228E1429600C75BB2 /* HomeConMenuSwiftUIApp.sdef in Resources */,
			);
			runOnlyForDeploymentPostprocessing = 0;
		};
/* End PBXResourcesBuildPhase section */

/* Begin PBXSourcesBuildPhase section */
		142DE06427E8B80E006CBAFE /* Sources */ = {
			isa = PBXSourcesBuildPhase;
			buildActionMask = 2147483647;
			files = (
				142DE0C527E8BAC2006CBAFE /* AccessoryInfo.swift in Sources */,
				142DE0B927E8BAC2006CBAFE /* CharacteristicInfo.swift in Sources */,
				142C4DCA2906743800A8A872 /* HCServiceGroup.swift in Sources */,
				14FA4AB128260D730002ECB8 /* PreferenceModel.swift in Sources */,
				142C4DBE290671BC00A8A872 /* HCAccessory.swift in Sources */,
				142C4DCE2906CB2200A8A872 /* HCCommunication.swift in Sources */,
				14669EEA28F17F1400FFF73F /* HCHome.swift in Sources */,
				14FA4A9D282117980002ECB8 /* Log.swift in Sources */,
				142DE0A127E8B9C3006CBAFE /* BaseManager.swift in Sources */,
				142DE0C727E8BAC2006CBAFE /* ServiceInfo.swift in Sources */,
				142DE0A227E8B9C3006CBAFE /* DummyViewController.swift in Sources */,
				142DE0BF27E8BAC2006CBAFE /* HomeInfo.swift in Sources */,
				142DE07027E8B80E006CBAFE /* ViewController.swift in Sources */,
				142C4DC6290672C700A8A872 /* HCActionSet.swift in Sources */,
				14A839EF280FDBD20083EE1D /* LaunchViewController.swift in Sources */,
				142DE06C27E8B80E006CBAFE /* AppDelegate.swift in Sources */,
				142DE0A327E8B9C3006CBAFE /* CameraViewController.swift in Sources */,
				142DE0DB27E8BAF0006CBAFE /* InterfaceProtocols.swift in Sources */,
				14669EF228F22D1700FFF73F /* HCCharacteristicType.swift in Sources */,
				142DE0BD27E8BAC2006CBAFE /* ServiceTypeBridge.swift in Sources */,
				142DE06E27E8B80E006CBAFE /* SceneDelegate.swift in Sources */,
				14669F0028F2430700FFF73F /* BaseManager+Codable.swift in Sources */,
				14669EFB28F241A800FFF73F /* HCService.swift in Sources */,
				14FA4AA82825550F0002ECB8 /* ActionSetInfo.swift in Sources */,
				142C4DBA2906718700A8A872 /* HCRoom.swift in Sources */,
				142C4DC2290671E200A8A872 /* HCCharacteristic.swift in Sources */,
				14FA4AB52827870F0002ECB8 /* Error.swift in Sources */,
				14FA4AA62825296D0002ECB8 /* BaseManager+HomeKit.swift in Sources */,
				14669EF628F2416400FFF73F /* HCServiceType.swift in Sources */,
				14669EEE28F22CF500FFF73F /* HCAccessoryType.swift in Sources */,
				14A06A572811665800BC41BD /* ServiceGroupInfo.swift in Sources */,
				142DE0C327E8BAC2006CBAFE /* AccessoryTypeBridge.swift in Sources */,
				142DE0C127E8BAC2006CBAFE /* CharacteristicTypeBridge.swift in Sources */,
				142DE0BB27E8BAC2006CBAFE /* RoomInfo.swift in Sources */,
				142DE0A027E8B9C3006CBAFE /* HomeKitExtension.swift in Sources */,
				14FA4AAD28256B940002ECB8 /* PreferenceView.swift in Sources */,
			);
			runOnlyForDeploymentPostprocessing = 0;
		};
		142DE08F27E8B928006CBAFE /* Sources */ = {
			isa = PBXSourcesBuildPhase;
			buildActionMask = 2147483647;
			files = (
				142DE0C627E8BAC2006CBAFE /* AccessoryInfo.swift in Sources */,
				142C4DBF290671BC00A8A872 /* HCAccessory.swift in Sources */,
				142DE0D927E8BAE1006CBAFE /* NSMenuItem+HomeMenu.swift in Sources */,
				14A06A522811664800BC41BD /* LightColorMenuItem.swift in Sources */,
				14FA4A9E282117980002ECB8 /* Log.swift in Sources */,
				142C4DCF2906CB2200A8A872 /* HCCommunication.swift in Sources */,
				142DE0C827E8BAC2006CBAFE /* ServiceInfo.swift in Sources */,
				142DE0BE27E8BAC2006CBAFE /* ServiceTypeBridge.swift in Sources */,
				142DE0C427E8BAC2006CBAFE /* AccessoryTypeBridge.swift in Sources */,
				142DE0D627E8BAE1006CBAFE /* InterfaceProtocols.swift in Sources */,
				142DE0D427E8BAE1006CBAFE /* MacOSController.swift in Sources */,
				14FA4AAB282558240002ECB8 /* ActionSetMenuItem.swift in Sources */,
				14A06A582811666800BC41BD /* MenuItemFromUUID.swift in Sources */,
				142DE0BC27E8BAC2006CBAFE /* RoomInfo.swift in Sources */,
				142C4DC3290671E200A8A872 /* HCCharacteristic.swift in Sources */,
				14669EF328F22D1700FFF73F /* HCCharacteristicType.swift in Sources */,
				14FA4AA92825550F0002ECB8 /* ActionSetInfo.swift in Sources */,
				14A06A532811664800BC41BD /* CameraMenuItem.swift in Sources */,
				14FA4AB6282787C00002ECB8 /* Error.swift in Sources */,
				142C4DC7290672C700A8A872 /* HCActionSet.swift in Sources */,
				142DE0C227E8BAC2006CBAFE /* CharacteristicTypeBridge.swift in Sources */,
				142DE0C027E8BAC2006CBAFE /* HomeInfo.swift in Sources */,
				14669EEF28F22CF500FFF73F /* HCAccessoryType.swift in Sources */,
				142DE0BA27E8BAC2006CBAFE /* CharacteristicInfo.swift in Sources */,
				14A06A592811667400BC41BD /* ServiceGroupInfo.swift in Sources */,
				142C4DCB2906743800A8A872 /* HCServiceGroup.swift in Sources */,
				14669EFC28F241A800FFF73F /* HCService.swift in Sources */,
				14A06A552811664800BC41BD /* SensorMenuItem.swift in Sources */,
				14669EF728F2416400FFF73F /* HCServiceType.swift in Sources */,
				14A06A512811664800BC41BD /* LightbulbMenuItem.swift in Sources */,
				14669EEB28F17F1400FFF73F /* HCHome.swift in Sources */,
				14A06A542811664800BC41BD /* ToggleMenuItem.swift in Sources */,
				142C4DBB2906718700A8A872 /* HCRoom.swift in Sources */,
			);
			runOnlyForDeploymentPostprocessing = 0;
		};
		14FA5D3C28E134E700C75BB2 /* Sources */ = {
			isa = PBXSourcesBuildPhase;
			buildActionMask = 2147483647;
			files = (
				14A4D291290E759A00F76356 /* MenuData.swift in Sources */,
				14A4D281290D6A8100F76356 /* MainData.swift in Sources */,
				14669EF028F22CF500FFF73F /* HCAccessoryType.swift in Sources */,
				14A4D28F290E5CF300F76356 /* SUClimate.swift in Sources */,
				142C4DD02906CB2200A8A872 /* HCCommunication.swift in Sources */,
				142C4DC4290671E200A8A872 /* HCCharacteristic.swift in Sources */,
				14A4D27F290D490800F76356 /* MenuView.swift in Sources */,
				142C4DCC2906743800A8A872 /* HCServiceGroup.swift in Sources */,
				14A4D293290E78C100F76356 /* SURoom.swift in Sources */,
				14B0F96D28F293D00014AA07 /* Log.swift in Sources */,
				14A4D295290E795000F76356 /* SUCharateristic.swift in Sources */,
				14FA5D4528E134E700C75BB2 /* ContentView.swift in Sources */,
				14A4D28D290E5C8600F76356 /* SUAccessory.swift in Sources */,
				14FA5D4328E134E700C75BB2 /* HomeConMenuSwiftUIApp.swift in Sources */,
				142C4DBC2906718700A8A872 /* HCRoom.swift in Sources */,
				14669EEC28F17F1400FFF73F /* HCHome.swift in Sources */,
				142C4DC8290672C700A8A872 /* HCActionSet.swift in Sources */,
				14669EF428F22D1700FFF73F /* HCCharacteristicType.swift in Sources */,
				14B0F96C28F293510014AA07 /* TestController.swift in Sources */,
				14A4D285290E5BAC00F76356 /* SUHumidity.swift in Sources */,
				14669EFD28F241A800FFF73F /* HCService.swift in Sources */,
				14A4D297290FEAD800F76356 /* SUColorPanel.swift in Sources */,
				14669EF828F2416400FFF73F /* HCServiceType.swift in Sources */,
				14B0F96F28F457210014AA07 /* AppleScriptController.swift in Sources */,
				14A4D287290E5BBB00F76356 /* SUSwitch.swift in Sources */,
				14A4D283290E5B9D00F76356 /* SUTemperature.swift in Sources */,
				14000AD7290C21E400CE15B2 /* AppDelegate.swift in Sources */,
				142C4DC0290671BC00A8A872 /* HCAccessory.swift in Sources */,
				14000ADB290D29F300CE15B2 /* SensorMenuItem.swift in Sources */,
			);
			runOnlyForDeploymentPostprocessing = 0;
		};
/* End PBXSourcesBuildPhase section */

/* Begin PBXTargetDependency section */
		14FA5D5528E1456F00C75BB2 /* PBXTargetDependency */ = {
			isa = PBXTargetDependency;
			platformFilter = maccatalyst;
			target = 14FA5D3F28E134E700C75BB2 /* HomeConMenuSwiftUI */;
			targetProxy = 14FA5D5428E1456F00C75BB2 /* PBXContainerItemProxy */;
		};
		14FA5D6628E146F200C75BB2 /* PBXTargetDependency */ = {
			isa = PBXTargetDependency;
			target = 142DE09227E8B928006CBAFE /* macOSBridge */;
			targetProxy = 14FA5D6528E146F200C75BB2 /* PBXContainerItemProxy */;
		};
/* End PBXTargetDependency section */

/* Begin PBXVariantGroup section */
		14A839FE280FEE530083EE1D /* Main.storyboard */ = {
			isa = PBXVariantGroup;
			children = (
				14A839FD280FEE530083EE1D /* en */,
				14A839FF280FEE5E0083EE1D /* ja */,
			);
			name = Main.storyboard;
			sourceTree = "<group>";
		};
		14C0EFFA2816A50B00E6C2B2 /* Localizable.strings */ = {
			isa = PBXVariantGroup;
			children = (
				14C0EFF92816A50B00E6C2B2 /* en */,
				14C0EFFB2816A50E00E6C2B2 /* ja */,
			);
			name = Localizable.strings;
			sourceTree = "<group>";
		};
/* End PBXVariantGroup section */

/* Begin XCBuildConfiguration section */
		142DE07A27E8B80F006CBAFE /* Debug */ = {
			isa = XCBuildConfiguration;
			buildSettings = {
				ALWAYS_SEARCH_USER_PATHS = NO;
				CLANG_ANALYZER_LOCALIZABILITY_NONLOCALIZED = YES;
				CLANG_ANALYZER_NONNULL = YES;
				CLANG_ANALYZER_NUMBER_OBJECT_CONVERSION = YES_AGGRESSIVE;
				CLANG_CXX_LANGUAGE_STANDARD = "gnu++17";
				CLANG_ENABLE_MODULES = YES;
				CLANG_ENABLE_OBJC_ARC = YES;
				CLANG_ENABLE_OBJC_WEAK = YES;
				CLANG_WARN_BLOCK_CAPTURE_AUTORELEASING = YES;
				CLANG_WARN_BOOL_CONVERSION = YES;
				CLANG_WARN_COMMA = YES;
				CLANG_WARN_CONSTANT_CONVERSION = YES;
				CLANG_WARN_DEPRECATED_OBJC_IMPLEMENTATIONS = YES;
				CLANG_WARN_DIRECT_OBJC_ISA_USAGE = YES_ERROR;
				CLANG_WARN_DOCUMENTATION_COMMENTS = YES;
				CLANG_WARN_EMPTY_BODY = YES;
				CLANG_WARN_ENUM_CONVERSION = YES;
				CLANG_WARN_INFINITE_RECURSION = YES;
				CLANG_WARN_INT_CONVERSION = YES;
				CLANG_WARN_NON_LITERAL_NULL_CONVERSION = YES;
				CLANG_WARN_OBJC_IMPLICIT_RETAIN_SELF = YES;
				CLANG_WARN_OBJC_LITERAL_CONVERSION = YES;
				CLANG_WARN_OBJC_ROOT_CLASS = YES_ERROR;
				CLANG_WARN_QUOTED_INCLUDE_IN_FRAMEWORK_HEADER = YES;
				CLANG_WARN_RANGE_LOOP_ANALYSIS = YES;
				CLANG_WARN_STRICT_PROTOTYPES = YES;
				CLANG_WARN_SUSPICIOUS_MOVE = YES;
				CLANG_WARN_UNGUARDED_AVAILABILITY = YES_AGGRESSIVE;
				CLANG_WARN_UNREACHABLE_CODE = YES;
				CLANG_WARN__DUPLICATE_METHOD_MATCH = YES;
				COPY_PHASE_STRIP = NO;
				DEBUG_INFORMATION_FORMAT = dwarf;
				ENABLE_STRICT_OBJC_MSGSEND = YES;
				ENABLE_TESTABILITY = YES;
				GCC_C_LANGUAGE_STANDARD = gnu11;
				GCC_DYNAMIC_NO_PIC = NO;
				GCC_NO_COMMON_BLOCKS = YES;
				GCC_OPTIMIZATION_LEVEL = 0;
				GCC_PREPROCESSOR_DEFINITIONS = (
					"DEBUG=1",
					"$(inherited)",
				);
				GCC_WARN_64_TO_32_BIT_CONVERSION = YES;
				GCC_WARN_ABOUT_RETURN_TYPE = YES_ERROR;
				GCC_WARN_UNDECLARED_SELECTOR = YES;
				GCC_WARN_UNINITIALIZED_AUTOS = YES_AGGRESSIVE;
				GCC_WARN_UNUSED_FUNCTION = YES;
				GCC_WARN_UNUSED_VARIABLE = YES;
				IPHONEOS_DEPLOYMENT_TARGET = 15.4;
				MACOSX_DEPLOYMENT_TARGET = 13.0;
				MTL_ENABLE_DEBUG_INFO = INCLUDE_SOURCE;
				MTL_FAST_MATH = YES;
				ONLY_ACTIVE_ARCH = YES;
				SDKROOT = iphoneos;
				SWIFT_ACTIVE_COMPILATION_CONDITIONS = DEBUG;
				SWIFT_OPTIMIZATION_LEVEL = "-Onone";
			};
			name = Debug;
		};
		142DE07B27E8B80F006CBAFE /* Release */ = {
			isa = XCBuildConfiguration;
			buildSettings = {
				ALWAYS_SEARCH_USER_PATHS = NO;
				CLANG_ANALYZER_LOCALIZABILITY_NONLOCALIZED = YES;
				CLANG_ANALYZER_NONNULL = YES;
				CLANG_ANALYZER_NUMBER_OBJECT_CONVERSION = YES_AGGRESSIVE;
				CLANG_CXX_LANGUAGE_STANDARD = "gnu++17";
				CLANG_ENABLE_MODULES = YES;
				CLANG_ENABLE_OBJC_ARC = YES;
				CLANG_ENABLE_OBJC_WEAK = YES;
				CLANG_WARN_BLOCK_CAPTURE_AUTORELEASING = YES;
				CLANG_WARN_BOOL_CONVERSION = YES;
				CLANG_WARN_COMMA = YES;
				CLANG_WARN_CONSTANT_CONVERSION = YES;
				CLANG_WARN_DEPRECATED_OBJC_IMPLEMENTATIONS = YES;
				CLANG_WARN_DIRECT_OBJC_ISA_USAGE = YES_ERROR;
				CLANG_WARN_DOCUMENTATION_COMMENTS = YES;
				CLANG_WARN_EMPTY_BODY = YES;
				CLANG_WARN_ENUM_CONVERSION = YES;
				CLANG_WARN_INFINITE_RECURSION = YES;
				CLANG_WARN_INT_CONVERSION = YES;
				CLANG_WARN_NON_LITERAL_NULL_CONVERSION = YES;
				CLANG_WARN_OBJC_IMPLICIT_RETAIN_SELF = YES;
				CLANG_WARN_OBJC_LITERAL_CONVERSION = YES;
				CLANG_WARN_OBJC_ROOT_CLASS = YES_ERROR;
				CLANG_WARN_QUOTED_INCLUDE_IN_FRAMEWORK_HEADER = YES;
				CLANG_WARN_RANGE_LOOP_ANALYSIS = YES;
				CLANG_WARN_STRICT_PROTOTYPES = YES;
				CLANG_WARN_SUSPICIOUS_MOVE = YES;
				CLANG_WARN_UNGUARDED_AVAILABILITY = YES_AGGRESSIVE;
				CLANG_WARN_UNREACHABLE_CODE = YES;
				CLANG_WARN__DUPLICATE_METHOD_MATCH = YES;
				COPY_PHASE_STRIP = NO;
				DEBUG_INFORMATION_FORMAT = "dwarf-with-dsym";
				ENABLE_NS_ASSERTIONS = NO;
				ENABLE_STRICT_OBJC_MSGSEND = YES;
				GCC_C_LANGUAGE_STANDARD = gnu11;
				GCC_NO_COMMON_BLOCKS = YES;
				GCC_WARN_64_TO_32_BIT_CONVERSION = YES;
				GCC_WARN_ABOUT_RETURN_TYPE = YES_ERROR;
				GCC_WARN_UNDECLARED_SELECTOR = YES;
				GCC_WARN_UNINITIALIZED_AUTOS = YES_AGGRESSIVE;
				GCC_WARN_UNUSED_FUNCTION = YES;
				GCC_WARN_UNUSED_VARIABLE = YES;
				IPHONEOS_DEPLOYMENT_TARGET = 15.4;
				MACOSX_DEPLOYMENT_TARGET = 13.0;
				MTL_ENABLE_DEBUG_INFO = NO;
				MTL_FAST_MATH = YES;
				SDKROOT = iphoneos;
				SWIFT_COMPILATION_MODE = wholemodule;
				SWIFT_OPTIMIZATION_LEVEL = "-O";
				VALIDATE_PRODUCT = YES;
			};
			name = Release;
		};
		142DE07D27E8B80F006CBAFE /* Debug */ = {
			isa = XCBuildConfiguration;
			buildSettings = {
				ASSETCATALOG_COMPILER_APPICON_NAME = AppIcon;
				ASSETCATALOG_COMPILER_GLOBAL_ACCENT_COLOR_NAME = AccentColor;
				ASSETCATALOG_COMPILER_INCLUDE_ALL_APPICON_ASSETS = NO;
				CODE_SIGN_ENTITLEMENTS = HomeConMenu/HomeConMenu.entitlements;
				CODE_SIGN_IDENTITY = "Apple Development";
				"CODE_SIGN_IDENTITY[sdk=macosx*]" = "Apple Development";
				CODE_SIGN_STYLE = Automatic;
				CURRENT_PROJECT_VERSION = 27;
				DEVELOPMENT_TEAM = JP866VWWSD;
				ENABLE_APP_SANDBOX = YES;
				ENABLE_HARDENED_RUNTIME = YES;
				"ENABLE_HARDENED_RUNTIME[sdk=macosx*]" = YES;
				GENERATE_INFOPLIST_FILE = YES;
				INFOPLIST_FILE = HomeConMenu/Info.plist;
				INFOPLIST_KEY_LSApplicationCategoryType = "public.app-category.utilities";
				INFOPLIST_KEY_LSUIElement = YES;
				INFOPLIST_KEY_NSHomeKitUsageDescription = "To control device from Menu bar";
				INFOPLIST_KEY_UIApplicationSupportsIndirectInputEvents = YES;
				INFOPLIST_KEY_UILaunchStoryboardName = LaunchScreen;
				INFOPLIST_KEY_UIMainStoryboardFile = Main;
				INFOPLIST_KEY_UISupportedInterfaceOrientations_iPad = "UIInterfaceOrientationPortrait UIInterfaceOrientationPortraitUpsideDown UIInterfaceOrientationLandscapeLeft UIInterfaceOrientationLandscapeRight";
				INFOPLIST_KEY_UISupportedInterfaceOrientations_iPhone = "UIInterfaceOrientationPortrait UIInterfaceOrientationLandscapeLeft UIInterfaceOrientationLandscapeRight";
				LD_RUNPATH_SEARCH_PATHS = (
					"$(inherited)",
					"@executable_path/Frameworks",
				);
				MACOSX_DEPLOYMENT_TARGET = "$(RECOMMENDED_MACOSX_DEPLOYMENT_TARGET)";
				MARKETING_VERSION = 2.0.4;
				PRODUCT_BUNDLE_IDENTIFIER = com.sonson.HomeConMenu.macOS;
				PRODUCT_NAME = "$(TARGET_NAME)";
				PROVISIONING_PROFILE_SPECIFIER = "";
				"PROVISIONING_PROFILE_SPECIFIER[sdk=macosx*]" = "";
				SUPPORTED_PLATFORMS = "iphoneos iphonesimulator";
				SUPPORTS_MACCATALYST = YES;
				SUPPORTS_MAC_DESIGNED_FOR_IPHONE_IPAD = YES;
				SWIFT_EMIT_LOC_STRINGS = YES;
				SWIFT_VERSION = 5.0;
				TARGETED_DEVICE_FAMILY = 2;
			};
			name = Debug;
		};
		142DE07E27E8B80F006CBAFE /* Release */ = {
			isa = XCBuildConfiguration;
			buildSettings = {
				ASSETCATALOG_COMPILER_APPICON_NAME = AppIcon;
				ASSETCATALOG_COMPILER_GLOBAL_ACCENT_COLOR_NAME = AccentColor;
				ASSETCATALOG_COMPILER_INCLUDE_ALL_APPICON_ASSETS = NO;
				CODE_SIGN_ENTITLEMENTS = HomeConMenu/HomeConMenu.entitlements;
				CODE_SIGN_IDENTITY = "Apple Development";
				"CODE_SIGN_IDENTITY[sdk=macosx*]" = "Apple Development";
				CODE_SIGN_STYLE = Automatic;
				CURRENT_PROJECT_VERSION = 27;
				DEVELOPMENT_TEAM = JP866VWWSD;
				ENABLE_APP_SANDBOX = YES;
				ENABLE_HARDENED_RUNTIME = YES;
				"ENABLE_HARDENED_RUNTIME[sdk=macosx*]" = YES;
				GENERATE_INFOPLIST_FILE = YES;
				INFOPLIST_FILE = HomeConMenu/Info.plist;
				INFOPLIST_KEY_LSApplicationCategoryType = "public.app-category.utilities";
				INFOPLIST_KEY_LSUIElement = YES;
				INFOPLIST_KEY_NSHomeKitUsageDescription = "To control device from Menu bar";
				INFOPLIST_KEY_UIApplicationSupportsIndirectInputEvents = YES;
				INFOPLIST_KEY_UILaunchStoryboardName = LaunchScreen;
				INFOPLIST_KEY_UIMainStoryboardFile = Main;
				INFOPLIST_KEY_UISupportedInterfaceOrientations_iPad = "UIInterfaceOrientationPortrait UIInterfaceOrientationPortraitUpsideDown UIInterfaceOrientationLandscapeLeft UIInterfaceOrientationLandscapeRight";
				INFOPLIST_KEY_UISupportedInterfaceOrientations_iPhone = "UIInterfaceOrientationPortrait UIInterfaceOrientationLandscapeLeft UIInterfaceOrientationLandscapeRight";
				LD_RUNPATH_SEARCH_PATHS = (
					"$(inherited)",
					"@executable_path/Frameworks",
				);
				MACOSX_DEPLOYMENT_TARGET = "$(RECOMMENDED_MACOSX_DEPLOYMENT_TARGET)";
				MARKETING_VERSION = 2.0.4;
				PRODUCT_BUNDLE_IDENTIFIER = com.sonson.HomeConMenu.macOS;
				PRODUCT_NAME = "$(TARGET_NAME)";
				PROVISIONING_PROFILE_SPECIFIER = "";
				"PROVISIONING_PROFILE_SPECIFIER[sdk=macosx*]" = "";
				SUPPORTED_PLATFORMS = "iphoneos iphonesimulator";
				SUPPORTS_MACCATALYST = YES;
				SUPPORTS_MAC_DESIGNED_FOR_IPHONE_IPAD = YES;
				SWIFT_EMIT_LOC_STRINGS = YES;
				SWIFT_VERSION = 5.0;
				TARGETED_DEVICE_FAMILY = 2;
			};
			name = Release;
		};
		142DE09527E8B928006CBAFE /* Debug */ = {
			isa = XCBuildConfiguration;
			buildSettings = {
				CLANG_ENABLE_MODULES = YES;
				CODE_SIGN_STYLE = Automatic;
				COMBINE_HIDPI_IMAGES = YES;
				CURRENT_PROJECT_VERSION = 27;
				DEVELOPMENT_TEAM = JP866VWWSD;
				ENABLE_APP_SANDBOX = YES;
				ENABLE_HARDENED_RUNTIME = YES;
				GENERATE_INFOPLIST_FILE = YES;
				INFOPLIST_FILE = "HomeConMenu/macOSBridge-Info.plist";
				INFOPLIST_KEY_NSHumanReadableCopyright = "";
				INFOPLIST_KEY_NSPrincipalClass = macOSBridge.MacOSController;
				INSTALL_PATH = "$(LOCAL_LIBRARY_DIR)/Bundles";
				LD_RUNPATH_SEARCH_PATHS = (
					"$(inherited)",
					"@executable_path/../Frameworks",
					"@loader_path/../Frameworks",
				);
				MACOSX_DEPLOYMENT_TARGET = 13.0;
				MARKETING_VERSION = 2.0.4;
				PRODUCT_BUNDLE_IDENTIFIER = com.sonson.macOSBridge;
				PRODUCT_NAME = "$(TARGET_NAME)";
				SDKROOT = macosx;
				SKIP_INSTALL = YES;
				SWIFT_EMIT_LOC_STRINGS = YES;
				SWIFT_OBJC_BRIDGING_HEADER = "HomeConMenu/macOSBridge-Bridging-Header.h";
				SWIFT_OPTIMIZATION_LEVEL = "-Onone";
				SWIFT_VERSION = 5.0;
				WRAPPER_EXTENSION = bundle;
			};
			name = Debug;
		};
		142DE09627E8B928006CBAFE /* Release */ = {
			isa = XCBuildConfiguration;
			buildSettings = {
				CLANG_ENABLE_MODULES = YES;
				CODE_SIGN_IDENTITY = "Apple Development";
				CODE_SIGN_STYLE = Automatic;
				COMBINE_HIDPI_IMAGES = YES;
				CURRENT_PROJECT_VERSION = 27;
				DEVELOPMENT_TEAM = JP866VWWSD;
				ENABLE_APP_SANDBOX = YES;
				ENABLE_HARDENED_RUNTIME = YES;
				GENERATE_INFOPLIST_FILE = YES;
				INFOPLIST_FILE = "HomeConMenu/macOSBridge-Info.plist";
				INFOPLIST_KEY_NSHumanReadableCopyright = "";
				INFOPLIST_KEY_NSPrincipalClass = macOSBridge.MacOSController;
				INSTALL_PATH = "$(LOCAL_LIBRARY_DIR)/Bundles";
				LD_RUNPATH_SEARCH_PATHS = (
					"$(inherited)",
					"@executable_path/../Frameworks",
					"@loader_path/../Frameworks",
				);
				MACOSX_DEPLOYMENT_TARGET = 13.0;
				MARKETING_VERSION = 2.0.4;
				PRODUCT_BUNDLE_IDENTIFIER = com.sonson.macOSBridge;
				PRODUCT_NAME = "$(TARGET_NAME)";
				PROVISIONING_PROFILE_SPECIFIER = "";
				SDKROOT = macosx;
				SKIP_INSTALL = YES;
				SWIFT_EMIT_LOC_STRINGS = YES;
				SWIFT_OBJC_BRIDGING_HEADER = "HomeConMenu/macOSBridge-Bridging-Header.h";
				SWIFT_VERSION = 5.0;
				WRAPPER_EXTENSION = bundle;
			};
			name = Release;
		};
		14FA5D4C28E134E800C75BB2 /* Debug */ = {
			isa = XCBuildConfiguration;
			buildSettings = {
				ASSETCATALOG_COMPILER_APPICON_NAME = AppIcon;
				ASSETCATALOG_COMPILER_GLOBAL_ACCENT_COLOR_NAME = AccentColor;
				CLANG_CXX_LANGUAGE_STANDARD = "gnu++20";
				CODE_SIGN_ENTITLEMENTS = HomeConMenuSwiftUI/HomeConMenuSwiftUI.entitlements;
				"CODE_SIGN_IDENTITY[sdk=macosx*]" = "Apple Development";
				CODE_SIGN_STYLE = Automatic;
				COMBINE_HIDPI_IMAGES = YES;
				CURRENT_PROJECT_VERSION = 1;
				DEVELOPMENT_ASSET_PATHS = "\"HomeConMenuSwiftUI/Preview Content\"";
				DEVELOPMENT_TEAM = JP866VWWSD;
				ENABLE_HARDENED_RUNTIME = YES;
				ENABLE_PREVIEWS = YES;
				GENERATE_INFOPLIST_FILE = YES;
				INFOPLIST_FILE = HomeConMenuSwiftUI/Info.plist;
				INFOPLIST_KEY_NSHumanReadableCopyright = "";
				LD_RUNPATH_SEARCH_PATHS = (
					"$(inherited)",
					"@executable_path/../Frameworks",
				);
				MACOSX_DEPLOYMENT_TARGET = 13.0;
				MARKETING_VERSION = 1.0;
				PRODUCT_BUNDLE_IDENTIFIER = com.sonson.HomeConMenu.SwiftUI;
				PRODUCT_NAME = "$(TARGET_NAME)";
				SDKROOT = macosx;
				SWIFT_EMIT_LOC_STRINGS = YES;
				SWIFT_VERSION = 5.0;
			};
			name = Debug;
		};
		14FA5D4D28E134E800C75BB2 /* Release */ = {
			isa = XCBuildConfiguration;
			buildSettings = {
				ASSETCATALOG_COMPILER_APPICON_NAME = AppIcon;
				ASSETCATALOG_COMPILER_GLOBAL_ACCENT_COLOR_NAME = AccentColor;
				CLANG_CXX_LANGUAGE_STANDARD = "gnu++20";
				CODE_SIGN_ENTITLEMENTS = HomeConMenuSwiftUI/HomeConMenuSwiftUI.entitlements;
				"CODE_SIGN_IDENTITY[sdk=macosx*]" = "Apple Development";
				CODE_SIGN_STYLE = Automatic;
				COMBINE_HIDPI_IMAGES = YES;
				CURRENT_PROJECT_VERSION = 1;
				DEVELOPMENT_ASSET_PATHS = "\"HomeConMenuSwiftUI/Preview Content\"";
				DEVELOPMENT_TEAM = JP866VWWSD;
				ENABLE_HARDENED_RUNTIME = YES;
				ENABLE_PREVIEWS = YES;
				GENERATE_INFOPLIST_FILE = YES;
				INFOPLIST_FILE = HomeConMenuSwiftUI/Info.plist;
				INFOPLIST_KEY_NSHumanReadableCopyright = "";
				LD_RUNPATH_SEARCH_PATHS = (
					"$(inherited)",
					"@executable_path/../Frameworks",
				);
				MACOSX_DEPLOYMENT_TARGET = 13.0;
				MARKETING_VERSION = 1.0;
				PRODUCT_BUNDLE_IDENTIFIER = com.sonson.HomeConMenu.SwiftUI;
				PRODUCT_NAME = "$(TARGET_NAME)";
				SDKROOT = macosx;
				SWIFT_EMIT_LOC_STRINGS = YES;
				SWIFT_VERSION = 5.0;
			};
			name = Release;
		};
/* End XCBuildConfiguration section */

/* Begin XCConfigurationList section */
		142DE06327E8B80E006CBAFE /* Build configuration list for PBXProject "HomeConMenu" */ = {
			isa = XCConfigurationList;
			buildConfigurations = (
				142DE07A27E8B80F006CBAFE /* Debug */,
				142DE07B27E8B80F006CBAFE /* Release */,
			);
			defaultConfigurationIsVisible = 0;
			defaultConfigurationName = Release;
		};
		142DE07C27E8B80F006CBAFE /* Build configuration list for PBXNativeTarget "HomeConMenu" */ = {
			isa = XCConfigurationList;
			buildConfigurations = (
				142DE07D27E8B80F006CBAFE /* Debug */,
				142DE07E27E8B80F006CBAFE /* Release */,
			);
			defaultConfigurationIsVisible = 0;
			defaultConfigurationName = Release;
		};
		142DE09427E8B928006CBAFE /* Build configuration list for PBXNativeTarget "macOSBridge" */ = {
			isa = XCConfigurationList;
			buildConfigurations = (
				142DE09527E8B928006CBAFE /* Debug */,
				142DE09627E8B928006CBAFE /* Release */,
			);
			defaultConfigurationIsVisible = 0;
			defaultConfigurationName = Release;
		};
		14FA5D4E28E134E800C75BB2 /* Build configuration list for PBXNativeTarget "HomeConMenuSwiftUI" */ = {
			isa = XCConfigurationList;
			buildConfigurations = (
				14FA5D4C28E134E800C75BB2 /* Debug */,
				14FA5D4D28E134E800C75BB2 /* Release */,
			);
			defaultConfigurationIsVisible = 0;
			defaultConfigurationName = Release;
		};
/* End XCConfigurationList section */

/* Begin XCRemoteSwiftPackageReference section */
		14746C482813C19B00666682 /* XCRemoteSwiftPackageReference "ColorWheelPanelView" */ = {
			isa = XCRemoteSwiftPackageReference;
			repositoryURL = "https://github.com/sonsongithub/ColorWheelPanelView";
			requirement = {
				branch = main;
				kind = branch;
			};
		};
		14A7D66928F50F4A007088BB /* XCRemoteSwiftPackageReference "CryptoSwift" */ = {
			isa = XCRemoteSwiftPackageReference;
			repositoryURL = "https://github.com/sonsongithub/CryptoSwift.git";
			requirement = {
				branch = main;
				kind = branch;
			};
		};
/* End XCRemoteSwiftPackageReference section */

/* Begin XCSwiftPackageProductDependency section */
		14746C4B2813C1BE00666682 /* ColorWheelPanelView */ = {
			isa = XCSwiftPackageProductDependency;
			package = 14746C482813C19B00666682 /* XCRemoteSwiftPackageReference "ColorWheelPanelView" */;
			productName = ColorWheelPanelView;
		};
		14A4D298290FEB2600F76356 /* ColorWheelPanelView */ = {
			isa = XCSwiftPackageProductDependency;
			package = 14746C482813C19B00666682 /* XCRemoteSwiftPackageReference "ColorWheelPanelView" */;
			productName = ColorWheelPanelView;
		};
		14A7D66C28F50F77007088BB /* CryptoSwift */ = {
			isa = XCSwiftPackageProductDependency;
			package = 14A7D66928F50F4A007088BB /* XCRemoteSwiftPackageReference "CryptoSwift" */;
			productName = CryptoSwift;
		};
		14A7D66E28F50F95007088BB /* CryptoSwift */ = {
			isa = XCSwiftPackageProductDependency;
			package = 14A7D66928F50F4A007088BB /* XCRemoteSwiftPackageReference "CryptoSwift" */;
			productName = CryptoSwift;
		};
/* End XCSwiftPackageProductDependency section */
	};
	rootObject = 142DE06027E8B80E006CBAFE /* Project object */;
}
