// !$*UTF8*$!
{
	archiveVersion = 1;
	classes = {
	};
	objectVersion = 60;
	objects = {

/* Begin PBXBuildFile section */
		1402D29F2ABF3AC600B702E4 /* Localizable.xcstrings in Resources */ = {isa = PBXBuildFile; fileRef = 1402D29E2ABF3AC600B702E4 /* Localizable.xcstrings */; };
		1402D2A02ABF3AC600B702E4 /* Localizable.xcstrings in Resources */ = {isa = PBXBuildFile; fileRef = 1402D29E2ABF3AC600B702E4 /* Localizable.xcstrings */; };
		1402D2AA2AC1880B00B702E4 /* Dummy.storekit in Resources */ = {isa = PBXBuildFile; fileRef = 1402D2A92AC1880B00B702E4 /* Dummy.storekit */; };
		14124FD32ADBA7FA00DF6CE4 /* Products.plist in Resources */ = {isa = PBXBuildFile; fileRef = 14124FD22ADBA7FA00DF6CE4 /* Products.plist */; };
		14124FD52ADBBFC000DF6CE4 /* MonitoringNetworkState.swift in Sources */ = {isa = PBXBuildFile; fileRef = 14124FD42ADBBFC000DF6CE4 /* MonitoringNetworkState.swift */; };
		142440D82ADC1FC300317DA6 /* LaunchAtLogin in Frameworks */ = {isa = PBXBuildFile; productRef = 142440D72ADC1FC300317DA6 /* LaunchAtLogin */; };
		142DE06C27E8B80E006CBAFE /* AppDelegate.swift in Sources */ = {isa = PBXBuildFile; fileRef = 142DE06B27E8B80E006CBAFE /* AppDelegate.swift */; };
		142DE06E27E8B80E006CBAFE /* SceneDelegate.swift in Sources */ = {isa = PBXBuildFile; fileRef = 142DE06D27E8B80E006CBAFE /* SceneDelegate.swift */; };
		142DE07527E8B80F006CBAFE /* Assets.xcassets in Resources */ = {isa = PBXBuildFile; fileRef = 142DE07427E8B80F006CBAFE /* Assets.xcassets */; };
		142DE08227E8B89A006CBAFE /* HomeKit.framework in Frameworks */ = {isa = PBXBuildFile; fileRef = 142DE08127E8B89A006CBAFE /* HomeKit.framework */; };
		142DE09727E8B931006CBAFE /* macOSBridge.bundle in Embed PlugIns */ = {isa = PBXBuildFile; fileRef = 142DE09327E8B928006CBAFE /* macOSBridge.bundle */; platformFilter = maccatalyst; settings = {ATTRIBUTES = (CodeSignOnCopy, RemoveHeadersOnCopy, ); }; };
		142DE0A027E8B9C3006CBAFE /* HomeKitExtension.swift in Sources */ = {isa = PBXBuildFile; fileRef = 142DE09B27E8B9C3006CBAFE /* HomeKitExtension.swift */; };
		142DE0A127E8B9C3006CBAFE /* BaseManager.swift in Sources */ = {isa = PBXBuildFile; fileRef = 142DE09C27E8B9C3006CBAFE /* BaseManager.swift */; };
		142DE0A227E8B9C3006CBAFE /* DummyViewController.swift in Sources */ = {isa = PBXBuildFile; fileRef = 142DE09D27E8B9C3006CBAFE /* DummyViewController.swift */; };
		142DE0A327E8B9C3006CBAFE /* CameraViewController.swift in Sources */ = {isa = PBXBuildFile; fileRef = 142DE09E27E8B9C3006CBAFE /* CameraViewController.swift */; };
		142DE0B927E8BAC2006CBAFE /* CharacteristicInfo.swift in Sources */ = {isa = PBXBuildFile; fileRef = 142DE0B127E8BAC2006CBAFE /* CharacteristicInfo.swift */; };
		142DE0BA27E8BAC2006CBAFE /* CharacteristicInfo.swift in Sources */ = {isa = PBXBuildFile; fileRef = 142DE0B127E8BAC2006CBAFE /* CharacteristicInfo.swift */; };
		142DE0BB27E8BAC2006CBAFE /* RoomInfo.swift in Sources */ = {isa = PBXBuildFile; fileRef = 142DE0B227E8BAC2006CBAFE /* RoomInfo.swift */; };
		142DE0BC27E8BAC2006CBAFE /* RoomInfo.swift in Sources */ = {isa = PBXBuildFile; fileRef = 142DE0B227E8BAC2006CBAFE /* RoomInfo.swift */; };
		142DE0BD27E8BAC2006CBAFE /* ServiceTypeBridge.swift in Sources */ = {isa = PBXBuildFile; fileRef = 142DE0B327E8BAC2006CBAFE /* ServiceTypeBridge.swift */; };
		142DE0BE27E8BAC2006CBAFE /* ServiceTypeBridge.swift in Sources */ = {isa = PBXBuildFile; fileRef = 142DE0B327E8BAC2006CBAFE /* ServiceTypeBridge.swift */; };
		142DE0BF27E8BAC2006CBAFE /* HomeInfo.swift in Sources */ = {isa = PBXBuildFile; fileRef = 142DE0B427E8BAC2006CBAFE /* HomeInfo.swift */; };
		142DE0C027E8BAC2006CBAFE /* HomeInfo.swift in Sources */ = {isa = PBXBuildFile; fileRef = 142DE0B427E8BAC2006CBAFE /* HomeInfo.swift */; };
		142DE0C127E8BAC2006CBAFE /* CharacteristicTypeBridge.swift in Sources */ = {isa = PBXBuildFile; fileRef = 142DE0B527E8BAC2006CBAFE /* CharacteristicTypeBridge.swift */; };
		142DE0C227E8BAC2006CBAFE /* CharacteristicTypeBridge.swift in Sources */ = {isa = PBXBuildFile; fileRef = 142DE0B527E8BAC2006CBAFE /* CharacteristicTypeBridge.swift */; };
		142DE0C327E8BAC2006CBAFE /* AccessoryTypeBridge.swift in Sources */ = {isa = PBXBuildFile; fileRef = 142DE0B627E8BAC2006CBAFE /* AccessoryTypeBridge.swift */; };
		142DE0C427E8BAC2006CBAFE /* AccessoryTypeBridge.swift in Sources */ = {isa = PBXBuildFile; fileRef = 142DE0B627E8BAC2006CBAFE /* AccessoryTypeBridge.swift */; };
		142DE0C527E8BAC2006CBAFE /* AccessoryInfo.swift in Sources */ = {isa = PBXBuildFile; fileRef = 142DE0B727E8BAC2006CBAFE /* AccessoryInfo.swift */; };
		142DE0C627E8BAC2006CBAFE /* AccessoryInfo.swift in Sources */ = {isa = PBXBuildFile; fileRef = 142DE0B727E8BAC2006CBAFE /* AccessoryInfo.swift */; };
		142DE0C727E8BAC2006CBAFE /* ServiceInfo.swift in Sources */ = {isa = PBXBuildFile; fileRef = 142DE0B827E8BAC2006CBAFE /* ServiceInfo.swift */; };
		142DE0C827E8BAC2006CBAFE /* ServiceInfo.swift in Sources */ = {isa = PBXBuildFile; fileRef = 142DE0B827E8BAC2006CBAFE /* ServiceInfo.swift */; };
		142DE0D427E8BAE1006CBAFE /* MacOSController.swift in Sources */ = {isa = PBXBuildFile; fileRef = 142DE0CB27E8BAE1006CBAFE /* MacOSController.swift */; };
		142DE0D627E8BAE1006CBAFE /* InterfaceProtocols.swift in Sources */ = {isa = PBXBuildFile; fileRef = 142DE0CD27E8BAE1006CBAFE /* InterfaceProtocols.swift */; };
		142DE0D927E8BAE1006CBAFE /* NSMenuItem+HomeMenu.swift in Sources */ = {isa = PBXBuildFile; fileRef = 142DE0D027E8BAE1006CBAFE /* NSMenuItem+HomeMenu.swift */; };
		142DE0DB27E8BAF0006CBAFE /* InterfaceProtocols.swift in Sources */ = {isa = PBXBuildFile; fileRef = 142DE0CD27E8BAE1006CBAFE /* InterfaceProtocols.swift */; };
		1432F2722AAB544D00E1B9E9 /* SettingsWindow.swift in Sources */ = {isa = PBXBuildFile; fileRef = 1432F26B2AAB544D00E1B9E9 /* SettingsWindow.swift */; };
		1432F2742AAB544D00E1B9E9 /* SettingsPane.swift in Sources */ = {isa = PBXBuildFile; fileRef = 1432F26D2AAB544D00E1B9E9 /* SettingsPane.swift */; };
		1432F2752AAB544D00E1B9E9 /* GeneralPaneController.swift in Sources */ = {isa = PBXBuildFile; fileRef = 1432F26E2AAB544D00E1B9E9 /* GeneralPaneController.swift */; };
		1432F2762AAB544D00E1B9E9 /* ShortcutsPaneController.swift in Sources */ = {isa = PBXBuildFile; fileRef = 1432F26F2AAB544D00E1B9E9 /* ShortcutsPaneController.swift */; };
		1432F2772AAB544D00E1B9E9 /* SettingsTabViewController.swift in Sources */ = {isa = PBXBuildFile; fileRef = 1432F2702AAB544D00E1B9E9 /* SettingsTabViewController.swift */; };
		1432F2782AAB544D00E1B9E9 /* SettingsWindowController.swift in Sources */ = {isa = PBXBuildFile; fileRef = 1432F2712AAB544D00E1B9E9 /* SettingsWindowController.swift */; };
		144C95CD2AAD891800935105 /* LaunchView.xib in Resources */ = {isa = PBXBuildFile; fileRef = 144C95CF2AAD891800935105 /* LaunchView.xib */; };
		144C95D22AAD89D800935105 /* InformationPane.xib in Resources */ = {isa = PBXBuildFile; fileRef = 144C95D42AAD89D800935105 /* InformationPane.xib */; };
		144C95D52AAD89E200935105 /* ShortcutsPane.xib in Resources */ = {isa = PBXBuildFile; fileRef = 144C95D72AAD89E200935105 /* ShortcutsPane.xib */; };
		144C95D82AAD89E800935105 /* GeneralPane.xib in Resources */ = {isa = PBXBuildFile; fileRef = 144C95DA2AAD89E800935105 /* GeneralPane.xib */; };
		144C95E22AADBD1500935105 /* Acknowledgments.html in Resources */ = {isa = PBXBuildFile; fileRef = 144C95E42AADBD1500935105 /* Acknowledgments.html */; };
		144C95E72AADC51200935105 /* LaunchWindowController.swift in Sources */ = {isa = PBXBuildFile; fileRef = 144C95E62AADC51200935105 /* LaunchWindowController.swift */; };
		144C95E82AADD95300935105 /* Acknowledgments.css in Resources */ = {isa = PBXBuildFile; fileRef = 144C95EA2AADD95300935105 /* Acknowledgments.css */; };
		14746C4C2813C1BE00666682 /* ColorWheelPanelView in Frameworks */ = {isa = PBXBuildFile; productRef = 14746C4B2813C1BE00666682 /* ColorWheelPanelView */; };
		1487430C2B255EB90055EE8A /* BaseManager+mac2iOS.swift in Sources */ = {isa = PBXBuildFile; fileRef = 1487430B2B255EB90055EE8A /* BaseManager+mac2iOS.swift */; };
		1487AC502B12289400167E13 /* KeyboardShortcuts in Frameworks */ = {isa = PBXBuildFile; productRef = 1487AC4F2B12289400167E13 /* KeyboardShortcuts */; };
		1491F4E52AD2599000602AD8 /* DonationPaneController.swift in Sources */ = {isa = PBXBuildFile; fileRef = 1491F4E42AD2599000602AD8 /* DonationPaneController.swift */; };
		1491F4E92AD2C1C000602AD8 /* DonationItemView.swift in Sources */ = {isa = PBXBuildFile; fileRef = 1491F4E82AD2C1C000602AD8 /* DonationItemView.swift */; };
		1491F4EC2AD4E11600602AD8 /* DonationPane.xib in Resources */ = {isa = PBXBuildFile; fileRef = 1491F4EE2AD4E11600602AD8 /* DonationPane.xib */; };
		149F7FC32AB1325D00D1621D /* ShortcutInfo.swift in Sources */ = {isa = PBXBuildFile; fileRef = 149F7FC12AB131D100D1621D /* ShortcutInfo.swift */; };
		14A06A512811664800BC41BD /* LightbulbMenuItem.swift in Sources */ = {isa = PBXBuildFile; fileRef = 14A06A482811664000BC41BD /* LightbulbMenuItem.swift */; };
		14A06A522811664800BC41BD /* LightColorMenuItem.swift in Sources */ = {isa = PBXBuildFile; fileRef = 14A06A472811664000BC41BD /* LightColorMenuItem.swift */; };
		14A06A532811664800BC41BD /* CameraMenuItem.swift in Sources */ = {isa = PBXBuildFile; fileRef = 14A06A462811664000BC41BD /* CameraMenuItem.swift */; };
		14A06A542811664800BC41BD /* ToggleMenuItem.swift in Sources */ = {isa = PBXBuildFile; fileRef = 14A06A4A2811664000BC41BD /* ToggleMenuItem.swift */; };
		14A06A552811664800BC41BD /* SensorMenuItem.swift in Sources */ = {isa = PBXBuildFile; fileRef = 14A06A452811664000BC41BD /* SensorMenuItem.swift */; };
		14A06A572811665800BC41BD /* ServiceGroupInfo.swift in Sources */ = {isa = PBXBuildFile; fileRef = 14A06A562811665800BC41BD /* ServiceGroupInfo.swift */; };
		14A06A582811666800BC41BD /* MenuItemProtocol.swift in Sources */ = {isa = PBXBuildFile; fileRef = 14A06A492811664000BC41BD /* MenuItemProtocol.swift */; };
		14A06A592811667400BC41BD /* ServiceGroupInfo.swift in Sources */ = {isa = PBXBuildFile; fileRef = 14A06A562811665800BC41BD /* ServiceGroupInfo.swift */; };
		14A839FB280FEE3B0083EE1D /* LaunchScreen.storyboard in Resources */ = {isa = PBXBuildFile; fileRef = 14A839F8280FEE3B0083EE1D /* LaunchScreen.storyboard */; };
		14A839FC280FEE530083EE1D /* Main.storyboard in Resources */ = {isa = PBXBuildFile; fileRef = 14A839FE280FEE530083EE1D /* Main.storyboard */; };
		14A9D5592B25B20900B67806 /* MacOSController+iOS2Mac.swift in Sources */ = {isa = PBXBuildFile; fileRef = 14A9D5582B25B20900B67806 /* MacOSController+iOS2Mac.swift */; };
		14A9D55D2B25B2C000B67806 /* HomeSelectMenuItem.swift in Sources */ = {isa = PBXBuildFile; fileRef = 14A9D55C2B25B2C000B67806 /* HomeSelectMenuItem.swift */; };
		14ABD6D42AAC5CC20023F71D /* InformationPaneController.swift in Sources */ = {isa = PBXBuildFile; fileRef = 14ABD6D02AAC54120023F71D /* InformationPaneController.swift */; };
		14ABD6D82AAC79420023F71D /* WebKit.framework in Frameworks */ = {isa = PBXBuildFile; fileRef = 14ABD6D72AAC79410023F71D /* WebKit.framework */; };
		14ABD6DC2AAC87A30023F71D /* WebViewController.swift in Sources */ = {isa = PBXBuildFile; fileRef = 14ABD6DB2AAC87A30023F71D /* WebViewController.swift */; };
		14ABD6E02AACB6920023F71D /* LaunchViewController.swift in Sources */ = {isa = PBXBuildFile; fileRef = 14ABD6DF2AACB6920023F71D /* LaunchViewController.swift */; };
		14ABE12D2B7DEDF30011EE11 /* OnOffMenuItem.swift in Sources */ = {isa = PBXBuildFile; fileRef = 14ABE12B2B7DEDD20011EE11 /* OnOffMenuItem.swift */; };
		14ABE12F2B7DEE5A0011EE11 /* SwitchMenuItem.swift in Sources */ = {isa = PBXBuildFile; fileRef = 14ABE12E2B7DEE5A0011EE11 /* SwitchMenuItem.swift */; };
		14ABE1312B7DEE900011EE11 /* OutletMenuItem.swift in Sources */ = {isa = PBXBuildFile; fileRef = 14ABE1302B7DEE900011EE11 /* OutletMenuItem.swift */; };
		14ABE1332B7DF0A10011EE11 /* LightBrightnessColorMenuItem.swift in Sources */ = {isa = PBXBuildFile; fileRef = 14ABE1322B7DF0A10011EE11 /* LightBrightnessColorMenuItem.swift */; };
		14ABE1352B7DF0F50011EE11 /* LightRGBColorMenuItem.swift in Sources */ = {isa = PBXBuildFile; fileRef = 14ABE1342B7DF0F50011EE11 /* LightRGBColorMenuItem.swift */; };
		14FA4A9D282117980002ECB8 /* Log.swift in Sources */ = {isa = PBXBuildFile; fileRef = 14FA4A9C282117980002ECB8 /* Log.swift */; };
		14FA4A9E282117980002ECB8 /* Log.swift in Sources */ = {isa = PBXBuildFile; fileRef = 14FA4A9C282117980002ECB8 /* Log.swift */; };
		14FA4AA62825296D0002ECB8 /* BaseManager+HomeKit.swift in Sources */ = {isa = PBXBuildFile; fileRef = 14FA4AA52825296D0002ECB8 /* BaseManager+HomeKit.swift */; };
		14FA4AA82825550F0002ECB8 /* ActionSetInfo.swift in Sources */ = {isa = PBXBuildFile; fileRef = 14FA4AA72825550F0002ECB8 /* ActionSetInfo.swift */; };
		14FA4AA92825550F0002ECB8 /* ActionSetInfo.swift in Sources */ = {isa = PBXBuildFile; fileRef = 14FA4AA72825550F0002ECB8 /* ActionSetInfo.swift */; };
		14FA4AAB282558240002ECB8 /* ActionSetMenuItem.swift in Sources */ = {isa = PBXBuildFile; fileRef = 14FA4AAA282558240002ECB8 /* ActionSetMenuItem.swift */; };
		14FA4AB52827870F0002ECB8 /* Error.swift in Sources */ = {isa = PBXBuildFile; fileRef = 14FA4AB42827870F0002ECB8 /* Error.swift */; };
		14FA4AB6282787C00002ECB8 /* Error.swift in Sources */ = {isa = PBXBuildFile; fileRef = 14FA4AB42827870F0002ECB8 /* Error.swift */; };
/* End PBXBuildFile section */

/* Begin PBXContainerItemProxy section */
		142DE09827E8B931006CBAFE /* PBXContainerItemProxy */ = {
			isa = PBXContainerItemProxy;
			containerPortal = 142DE06027E8B80E006CBAFE /* Project object */;
			proxyType = 1;
			remoteGlobalIDString = 142DE09227E8B928006CBAFE;
			remoteInfo = macOSBridge;
		};
/* End PBXContainerItemProxy section */

/* Begin PBXCopyFilesBuildPhase section */
		142DE08E27E8B910006CBAFE /* Embed PlugIns */ = {
			isa = PBXCopyFilesBuildPhase;
			buildActionMask = 2147483647;
			dstPath = "";
			dstSubfolderSpec = 13;
			files = (
				142DE09727E8B931006CBAFE /* macOSBridge.bundle in Embed PlugIns */,
			);
			name = "Embed PlugIns";
			runOnlyForDeploymentPostprocessing = 0;
		};
/* End PBXCopyFilesBuildPhase section */

/* Begin PBXFileReference section */
		1402D2992ABF3AC600B702E4 /* mul */ = {isa = PBXFileReference; lastKnownFileType = text.json.xcstrings; name = mul; path = mul.lproj/LaunchView.xcstrings; sourceTree = "<group>"; };
		1402D29A2ABF3AC600B702E4 /* mul */ = {isa = PBXFileReference; lastKnownFileType = text.json.xcstrings; name = mul; path = mul.lproj/InformationPane.xcstrings; sourceTree = "<group>"; };
		1402D29B2ABF3AC600B702E4 /* mul */ = {isa = PBXFileReference; lastKnownFileType = text.json.xcstrings; name = mul; path = mul.lproj/ShortcutsPane.xcstrings; sourceTree = "<group>"; };
		1402D29C2ABF3AC600B702E4 /* mul */ = {isa = PBXFileReference; lastKnownFileType = text.json.xcstrings; name = mul; path = mul.lproj/Main.xcstrings; sourceTree = "<group>"; };
		1402D29D2ABF3AC600B702E4 /* mul */ = {isa = PBXFileReference; lastKnownFileType = text.json.xcstrings; name = mul; path = mul.lproj/GeneralPane.xcstrings; sourceTree = "<group>"; };
		1402D29E2ABF3AC600B702E4 /* Localizable.xcstrings */ = {isa = PBXFileReference; lastKnownFileType = text.json.xcstrings; path = Localizable.xcstrings; sourceTree = "<group>"; };
		1402D2A92AC1880B00B702E4 /* Dummy.storekit */ = {isa = PBXFileReference; lastKnownFileType = text; path = Dummy.storekit; sourceTree = "<group>"; };
		14124FD22ADBA7FA00DF6CE4 /* Products.plist */ = {isa = PBXFileReference; lastKnownFileType = text.plist.xml; path = Products.plist; sourceTree = "<group>"; };
		14124FD42ADBBFC000DF6CE4 /* MonitoringNetworkState.swift */ = {isa = PBXFileReference; lastKnownFileType = sourcecode.swift; path = MonitoringNetworkState.swift; sourceTree = "<group>"; };
		142DE06827E8B80E006CBAFE /* HomeConMenu.app */ = {isa = PBXFileReference; explicitFileType = wrapper.application; includeInIndex = 0; path = HomeConMenu.app; sourceTree = BUILT_PRODUCTS_DIR; };
		142DE06B27E8B80E006CBAFE /* AppDelegate.swift */ = {isa = PBXFileReference; lastKnownFileType = sourcecode.swift; path = AppDelegate.swift; sourceTree = "<group>"; };
		142DE06D27E8B80E006CBAFE /* SceneDelegate.swift */ = {isa = PBXFileReference; lastKnownFileType = sourcecode.swift; path = SceneDelegate.swift; sourceTree = "<group>"; };
		142DE07427E8B80F006CBAFE /* Assets.xcassets */ = {isa = PBXFileReference; lastKnownFileType = folder.assetcatalog; path = Assets.xcassets; sourceTree = "<group>"; };
		142DE07927E8B80F006CBAFE /* Info.plist */ = {isa = PBXFileReference; lastKnownFileType = text.plist.xml; path = Info.plist; sourceTree = "<group>"; };
		142DE07F27E8B814006CBAFE /* HomeConMenu.entitlements */ = {isa = PBXFileReference; lastKnownFileType = text.plist.entitlements; path = HomeConMenu.entitlements; sourceTree = "<group>"; };
		142DE08127E8B89A006CBAFE /* HomeKit.framework */ = {isa = PBXFileReference; lastKnownFileType = wrapper.framework; name = HomeKit.framework; path = Platforms/MacOSX.platform/Developer/SDKs/MacOSX12.3.sdk/System/iOSSupport/System/Library/Frameworks/HomeKit.framework; sourceTree = DEVELOPER_DIR; };
		142DE09327E8B928006CBAFE /* macOSBridge.bundle */ = {isa = PBXFileReference; explicitFileType = wrapper.cfbundle; includeInIndex = 0; path = macOSBridge.bundle; sourceTree = BUILT_PRODUCTS_DIR; };
		142DE09B27E8B9C3006CBAFE /* HomeKitExtension.swift */ = {isa = PBXFileReference; fileEncoding = 4; lastKnownFileType = sourcecode.swift; path = HomeKitExtension.swift; sourceTree = "<group>"; };
		142DE09C27E8B9C3006CBAFE /* BaseManager.swift */ = {isa = PBXFileReference; fileEncoding = 4; lastKnownFileType = sourcecode.swift; path = BaseManager.swift; sourceTree = "<group>"; };
		142DE09D27E8B9C3006CBAFE /* DummyViewController.swift */ = {isa = PBXFileReference; fileEncoding = 4; lastKnownFileType = sourcecode.swift; path = DummyViewController.swift; sourceTree = "<group>"; };
		142DE09E27E8B9C3006CBAFE /* CameraViewController.swift */ = {isa = PBXFileReference; fileEncoding = 4; lastKnownFileType = sourcecode.swift; path = CameraViewController.swift; sourceTree = "<group>"; };
		142DE0B027E8BAC2006CBAFE /* macOSBridge-Bridging-Header.h */ = {isa = PBXFileReference; lastKnownFileType = sourcecode.c.h; path = "macOSBridge-Bridging-Header.h"; sourceTree = "<group>"; };
		142DE0B127E8BAC2006CBAFE /* CharacteristicInfo.swift */ = {isa = PBXFileReference; fileEncoding = 4; lastKnownFileType = sourcecode.swift; path = CharacteristicInfo.swift; sourceTree = "<group>"; };
		142DE0B227E8BAC2006CBAFE /* RoomInfo.swift */ = {isa = PBXFileReference; fileEncoding = 4; lastKnownFileType = sourcecode.swift; path = RoomInfo.swift; sourceTree = "<group>"; };
		142DE0B327E8BAC2006CBAFE /* ServiceTypeBridge.swift */ = {isa = PBXFileReference; fileEncoding = 4; lastKnownFileType = sourcecode.swift; path = ServiceTypeBridge.swift; sourceTree = "<group>"; };
		142DE0B427E8BAC2006CBAFE /* HomeInfo.swift */ = {isa = PBXFileReference; fileEncoding = 4; lastKnownFileType = sourcecode.swift; path = HomeInfo.swift; sourceTree = "<group>"; };
		142DE0B527E8BAC2006CBAFE /* CharacteristicTypeBridge.swift */ = {isa = PBXFileReference; fileEncoding = 4; lastKnownFileType = sourcecode.swift; path = CharacteristicTypeBridge.swift; sourceTree = "<group>"; };
		142DE0B627E8BAC2006CBAFE /* AccessoryTypeBridge.swift */ = {isa = PBXFileReference; fileEncoding = 4; lastKnownFileType = sourcecode.swift; path = AccessoryTypeBridge.swift; sourceTree = "<group>"; };
		142DE0B727E8BAC2006CBAFE /* AccessoryInfo.swift */ = {isa = PBXFileReference; fileEncoding = 4; lastKnownFileType = sourcecode.swift; path = AccessoryInfo.swift; sourceTree = "<group>"; };
		142DE0B827E8BAC2006CBAFE /* ServiceInfo.swift */ = {isa = PBXFileReference; fileEncoding = 4; lastKnownFileType = sourcecode.swift; path = ServiceInfo.swift; sourceTree = "<group>"; };
		142DE0CB27E8BAE1006CBAFE /* MacOSController.swift */ = {isa = PBXFileReference; fileEncoding = 4; lastKnownFileType = sourcecode.swift; path = MacOSController.swift; sourceTree = "<group>"; };
		142DE0CD27E8BAE1006CBAFE /* InterfaceProtocols.swift */ = {isa = PBXFileReference; fileEncoding = 4; lastKnownFileType = sourcecode.swift; path = InterfaceProtocols.swift; sourceTree = "<group>"; };
		142DE0D027E8BAE1006CBAFE /* NSMenuItem+HomeMenu.swift */ = {isa = PBXFileReference; fileEncoding = 4; lastKnownFileType = sourcecode.swift; path = "NSMenuItem+HomeMenu.swift"; sourceTree = "<group>"; };
		142DE0DC27E8BB9C006CBAFE /* macOSBridge-Info.plist */ = {isa = PBXFileReference; lastKnownFileType = text.plist.xml; path = "macOSBridge-Info.plist"; sourceTree = "<group>"; };
		1432F26B2AAB544D00E1B9E9 /* SettingsWindow.swift */ = {isa = PBXFileReference; fileEncoding = 4; lastKnownFileType = sourcecode.swift; path = SettingsWindow.swift; sourceTree = "<group>"; };
		1432F26D2AAB544D00E1B9E9 /* SettingsPane.swift */ = {isa = PBXFileReference; fileEncoding = 4; lastKnownFileType = sourcecode.swift; path = SettingsPane.swift; sourceTree = "<group>"; };
		1432F26E2AAB544D00E1B9E9 /* GeneralPaneController.swift */ = {isa = PBXFileReference; fileEncoding = 4; lastKnownFileType = sourcecode.swift; path = GeneralPaneController.swift; sourceTree = "<group>"; };
		1432F26F2AAB544D00E1B9E9 /* ShortcutsPaneController.swift */ = {isa = PBXFileReference; fileEncoding = 4; lastKnownFileType = sourcecode.swift; path = ShortcutsPaneController.swift; sourceTree = "<group>"; };
		1432F2702AAB544D00E1B9E9 /* SettingsTabViewController.swift */ = {isa = PBXFileReference; fileEncoding = 4; lastKnownFileType = sourcecode.swift; path = SettingsTabViewController.swift; sourceTree = "<group>"; };
		1432F2712AAB544D00E1B9E9 /* SettingsWindowController.swift */ = {isa = PBXFileReference; fileEncoding = 4; lastKnownFileType = sourcecode.swift; path = SettingsWindowController.swift; sourceTree = "<group>"; };
		144C95CC2AAD88AB00935105 /* Base */ = {isa = PBXFileReference; lastKnownFileType = file.storyboard; name = Base; path = Base.lproj/Main.storyboard; sourceTree = "<group>"; };
		144C95CE2AAD891800935105 /* Base */ = {isa = PBXFileReference; lastKnownFileType = file.xib; name = Base; path = Base.lproj/LaunchView.xib; sourceTree = "<group>"; };
		144C95D32AAD89D800935105 /* Base */ = {isa = PBXFileReference; lastKnownFileType = file.xib; name = Base; path = Base.lproj/InformationPane.xib; sourceTree = "<group>"; };
		144C95D62AAD89E200935105 /* Base */ = {isa = PBXFileReference; lastKnownFileType = file.xib; name = Base; path = Base.lproj/ShortcutsPane.xib; sourceTree = "<group>"; };
		144C95D92AAD89E800935105 /* Base */ = {isa = PBXFileReference; lastKnownFileType = file.xib; name = Base; path = Base.lproj/GeneralPane.xib; sourceTree = "<group>"; };
		144C95E32AADBD1500935105 /* Base */ = {isa = PBXFileReference; lastKnownFileType = text.html; name = Base; path = Base.lproj/Acknowledgments.html; sourceTree = "<group>"; };
		144C95E52AADBD1800935105 /* ja */ = {isa = PBXFileReference; lastKnownFileType = text.html; name = ja; path = ja.lproj/Acknowledgments.html; sourceTree = "<group>"; };
		144C95E62AADC51200935105 /* LaunchWindowController.swift */ = {isa = PBXFileReference; lastKnownFileType = sourcecode.swift; path = LaunchWindowController.swift; sourceTree = "<group>"; };
		144C95E92AADD95300935105 /* Base */ = {isa = PBXFileReference; lastKnownFileType = text.css; name = Base; path = Base.lproj/Acknowledgments.css; sourceTree = "<group>"; };
		14822EF42AECE78A00DE4DBA /* Japan.storekit */ = {isa = PBXFileReference; lastKnownFileType = text; path = Japan.storekit; sourceTree = "<group>"; };
		14822EF52AECEC2E00DE4DBA /* US.storekit */ = {isa = PBXFileReference; lastKnownFileType = text; path = US.storekit; sourceTree = "<group>"; };
		1487430B2B255EB90055EE8A /* BaseManager+mac2iOS.swift */ = {isa = PBXFileReference; lastKnownFileType = sourcecode.swift; path = "BaseManager+mac2iOS.swift"; sourceTree = "<group>"; };
		1491F4E42AD2599000602AD8 /* DonationPaneController.swift */ = {isa = PBXFileReference; lastKnownFileType = sourcecode.swift; path = DonationPaneController.swift; sourceTree = "<group>"; };
		1491F4E82AD2C1C000602AD8 /* DonationItemView.swift */ = {isa = PBXFileReference; lastKnownFileType = sourcecode.swift; path = DonationItemView.swift; sourceTree = "<group>"; };
		1491F4ED2AD4E11600602AD8 /* Base */ = {isa = PBXFileReference; lastKnownFileType = file.xib; name = Base; path = Base.lproj/DonationPane.xib; sourceTree = "<group>"; };
		1491F4EF2AD4E11600602AD8 /* mul */ = {isa = PBXFileReference; lastKnownFileType = text.json.xcstrings; name = mul; path = mul.lproj/DonationPane.xcstrings; sourceTree = "<group>"; };
		149F7FC12AB131D100D1621D /* ShortcutInfo.swift */ = {isa = PBXFileReference; lastKnownFileType = sourcecode.swift; path = ShortcutInfo.swift; sourceTree = "<group>"; };
		14A06A452811664000BC41BD /* SensorMenuItem.swift */ = {isa = PBXFileReference; fileEncoding = 4; lastKnownFileType = sourcecode.swift; path = SensorMenuItem.swift; sourceTree = "<group>"; };
		14A06A462811664000BC41BD /* CameraMenuItem.swift */ = {isa = PBXFileReference; fileEncoding = 4; lastKnownFileType = sourcecode.swift; path = CameraMenuItem.swift; sourceTree = "<group>"; };
		14A06A472811664000BC41BD /* LightColorMenuItem.swift */ = {isa = PBXFileReference; fileEncoding = 4; lastKnownFileType = sourcecode.swift; path = LightColorMenuItem.swift; sourceTree = "<group>"; };
		14A06A482811664000BC41BD /* LightbulbMenuItem.swift */ = {isa = PBXFileReference; fileEncoding = 4; lastKnownFileType = sourcecode.swift; path = LightbulbMenuItem.swift; sourceTree = "<group>"; };
		14A06A492811664000BC41BD /* MenuItemProtocol.swift */ = {isa = PBXFileReference; fileEncoding = 4; lastKnownFileType = sourcecode.swift; path = MenuItemProtocol.swift; sourceTree = "<group>"; };
		14A06A4A2811664000BC41BD /* ToggleMenuItem.swift */ = {isa = PBXFileReference; fileEncoding = 4; lastKnownFileType = sourcecode.swift; path = ToggleMenuItem.swift; sourceTree = "<group>"; };
		14A06A562811665800BC41BD /* ServiceGroupInfo.swift */ = {isa = PBXFileReference; fileEncoding = 4; lastKnownFileType = sourcecode.swift; path = ServiceGroupInfo.swift; sourceTree = "<group>"; };
		14A839F8280FEE3B0083EE1D /* LaunchScreen.storyboard */ = {isa = PBXFileReference; fileEncoding = 4; lastKnownFileType = file.storyboard; path = LaunchScreen.storyboard; sourceTree = "<group>"; };
		14A9D5582B25B20900B67806 /* MacOSController+iOS2Mac.swift */ = {isa = PBXFileReference; lastKnownFileType = sourcecode.swift; path = "MacOSController+iOS2Mac.swift"; sourceTree = "<group>"; };
		14A9D55C2B25B2C000B67806 /* HomeSelectMenuItem.swift */ = {isa = PBXFileReference; lastKnownFileType = sourcecode.swift; path = HomeSelectMenuItem.swift; sourceTree = "<group>"; };
		14ABD6D02AAC54120023F71D /* InformationPaneController.swift */ = {isa = PBXFileReference; lastKnownFileType = sourcecode.swift; path = InformationPaneController.swift; sourceTree = "<group>"; };
		14ABD6D72AAC79410023F71D /* WebKit.framework */ = {isa = PBXFileReference; lastKnownFileType = wrapper.framework; name = WebKit.framework; path = Platforms/MacOSX.platform/Developer/SDKs/MacOSX13.3.sdk/System/iOSSupport/System/Library/PrivateFrameworks/WebKit.framework; sourceTree = DEVELOPER_DIR; };
		14ABD6DB2AAC87A30023F71D /* WebViewController.swift */ = {isa = PBXFileReference; lastKnownFileType = sourcecode.swift; path = WebViewController.swift; sourceTree = "<group>"; };
		14ABD6DF2AACB6920023F71D /* LaunchViewController.swift */ = {isa = PBXFileReference; lastKnownFileType = sourcecode.swift; path = LaunchViewController.swift; sourceTree = "<group>"; };
		14ABE12B2B7DEDD20011EE11 /* OnOffMenuItem.swift */ = {isa = PBXFileReference; lastKnownFileType = sourcecode.swift; path = OnOffMenuItem.swift; sourceTree = "<group>"; };
		14ABE12E2B7DEE5A0011EE11 /* SwitchMenuItem.swift */ = {isa = PBXFileReference; lastKnownFileType = sourcecode.swift; path = SwitchMenuItem.swift; sourceTree = "<group>"; };
		14ABE1302B7DEE900011EE11 /* OutletMenuItem.swift */ = {isa = PBXFileReference; lastKnownFileType = sourcecode.swift; path = OutletMenuItem.swift; sourceTree = "<group>"; };
		14ABE1322B7DF0A10011EE11 /* LightBrightnessColorMenuItem.swift */ = {isa = PBXFileReference; lastKnownFileType = sourcecode.swift; path = LightBrightnessColorMenuItem.swift; sourceTree = "<group>"; };
		14ABE1342B7DF0F50011EE11 /* LightRGBColorMenuItem.swift */ = {isa = PBXFileReference; lastKnownFileType = sourcecode.swift; path = LightRGBColorMenuItem.swift; sourceTree = "<group>"; };
		14FA4A9C282117980002ECB8 /* Log.swift */ = {isa = PBXFileReference; lastKnownFileType = sourcecode.swift; path = Log.swift; sourceTree = "<group>"; };
		14FA4AA52825296D0002ECB8 /* BaseManager+HomeKit.swift */ = {isa = PBXFileReference; lastKnownFileType = sourcecode.swift; path = "BaseManager+HomeKit.swift"; sourceTree = "<group>"; };
		14FA4AA72825550F0002ECB8 /* ActionSetInfo.swift */ = {isa = PBXFileReference; lastKnownFileType = sourcecode.swift; path = ActionSetInfo.swift; sourceTree = "<group>"; };
		14FA4AAA282558240002ECB8 /* ActionSetMenuItem.swift */ = {isa = PBXFileReference; lastKnownFileType = sourcecode.swift; path = ActionSetMenuItem.swift; sourceTree = "<group>"; };
		14FA4AB42827870F0002ECB8 /* Error.swift */ = {isa = PBXFileReference; lastKnownFileType = sourcecode.swift; path = Error.swift; sourceTree = "<group>"; };
		2AC3C49B2CAC40D40018C1D7 /* de */ = {isa = PBXFileReference; lastKnownFileType = text.html; name = de; path = de.lproj/Acknowledgments.html; sourceTree = "<group>"; };
/* End PBXFileReference section */

/* Begin PBXFrameworksBuildPhase section */
		142DE06527E8B80E006CBAFE /* Frameworks */ = {
			isa = PBXFrameworksBuildPhase;
			buildActionMask = 2147483647;
			files = (
				14ABD6D82AAC79420023F71D /* WebKit.framework in Frameworks */,
				142DE08227E8B89A006CBAFE /* HomeKit.framework in Frameworks */,
			);
			runOnlyForDeploymentPostprocessing = 0;
		};
		142DE09027E8B928006CBAFE /* Frameworks */ = {
			isa = PBXFrameworksBuildPhase;
			buildActionMask = 2147483647;
			files = (
				142440D82ADC1FC300317DA6 /* LaunchAtLogin in Frameworks */,
				14746C4C2813C1BE00666682 /* ColorWheelPanelView in Frameworks */,
				1487AC502B12289400167E13 /* KeyboardShortcuts in Frameworks */,
			);
			runOnlyForDeploymentPostprocessing = 0;
		};
/* End PBXFrameworksBuildPhase section */

/* Begin PBXGroup section */
		142DE05F27E8B80E006CBAFE = {
			isa = PBXGroup;
			children = (
				142DE06A27E8B80E006CBAFE /* HomeConMenu */,
				142DE06927E8B80E006CBAFE /* Products */,
				142DE08027E8B89A006CBAFE /* Frameworks */,
			);
			sourceTree = "<group>";
		};
		142DE06927E8B80E006CBAFE /* Products */ = {
			isa = PBXGroup;
			children = (
				142DE06827E8B80E006CBAFE /* HomeConMenu.app */,
				142DE09327E8B928006CBAFE /* macOSBridge.bundle */,
			);
			name = Products;
			sourceTree = "<group>";
		};
		142DE06A27E8B80E006CBAFE /* HomeConMenu */ = {
			isa = PBXGroup;
			children = (
				146D209527F03F8900162EB1 /* macOS */,
				146D209427F03F8100162EB1 /* Shared */,
				146D209327F03F7800162EB1 /* iOS */,
				146D209627F03FD000162EB1 /* Resources */,
				142DE07927E8B80F006CBAFE /* Info.plist */,
				142DE07F27E8B814006CBAFE /* HomeConMenu.entitlements */,
				142DE07427E8B80F006CBAFE /* Assets.xcassets */,
				142DE0B027E8BAC2006CBAFE /* macOSBridge-Bridging-Header.h */,
				142DE0DC27E8BB9C006CBAFE /* macOSBridge-Info.plist */,
				14124FD22ADBA7FA00DF6CE4 /* Products.plist */,
				1402D2A92AC1880B00B702E4 /* Dummy.storekit */,
				14822EF42AECE78A00DE4DBA /* Japan.storekit */,
				14822EF52AECEC2E00DE4DBA /* US.storekit */,
			);
			path = HomeConMenu;
			sourceTree = "<group>";
		};
		142DE08027E8B89A006CBAFE /* Frameworks */ = {
			isa = PBXGroup;
			children = (
				14ABD6D72AAC79410023F71D /* WebKit.framework */,
				142DE08127E8B89A006CBAFE /* HomeKit.framework */,
			);
			name = Frameworks;
			sourceTree = "<group>";
		};
		146D209327F03F7800162EB1 /* iOS */ = {
			isa = PBXGroup;
			children = (
				142DE06B27E8B80E006CBAFE /* AppDelegate.swift */,
				142DE09C27E8B9C3006CBAFE /* BaseManager.swift */,
				1487430B2B255EB90055EE8A /* BaseManager+mac2iOS.swift */,
				14FA4AA52825296D0002ECB8 /* BaseManager+HomeKit.swift */,
				142DE09E27E8B9C3006CBAFE /* CameraViewController.swift */,
				142DE09D27E8B9C3006CBAFE /* DummyViewController.swift */,
				14ABD6DB2AAC87A30023F71D /* WebViewController.swift */,
				142DE09B27E8B9C3006CBAFE /* HomeKitExtension.swift */,
				142DE06D27E8B80E006CBAFE /* SceneDelegate.swift */,
				14124FD42ADBBFC000DF6CE4 /* MonitoringNetworkState.swift */,
			);
			path = iOS;
			sourceTree = "<group>";
		};
		146D209427F03F8100162EB1 /* Shared */ = {
			isa = PBXGroup;
			children = (
				14A06A562811665800BC41BD /* ServiceGroupInfo.swift */,
				142DE0CD27E8BAE1006CBAFE /* InterfaceProtocols.swift */,
				142DE0B727E8BAC2006CBAFE /* AccessoryInfo.swift */,
				142DE0B627E8BAC2006CBAFE /* AccessoryTypeBridge.swift */,
				142DE0B127E8BAC2006CBAFE /* CharacteristicInfo.swift */,
				142DE0B527E8BAC2006CBAFE /* CharacteristicTypeBridge.swift */,
				142DE0B427E8BAC2006CBAFE /* HomeInfo.swift */,
				142DE0B227E8BAC2006CBAFE /* RoomInfo.swift */,
				142DE0B827E8BAC2006CBAFE /* ServiceInfo.swift */,
				142DE0B327E8BAC2006CBAFE /* ServiceTypeBridge.swift */,
				14FA4A9C282117980002ECB8 /* Log.swift */,
				14FA4AA72825550F0002ECB8 /* ActionSetInfo.swift */,
				14FA4AB42827870F0002ECB8 /* Error.swift */,
			);
			path = Shared;
			sourceTree = "<group>";
		};
		146D209527F03F8900162EB1 /* macOS */ = {
			isa = PBXGroup;
			children = (
				142DE0CB27E8BAE1006CBAFE /* MacOSController.swift */,
				14A9D5582B25B20900B67806 /* MacOSController+iOS2Mac.swift */,
				1491F4E12AD258FD00602AD8 /* MenuItem */,
				1491F4E22AD2591800602AD8 /* Preferences */,
				1491F4E32AD2593800602AD8 /* PreferencePanes */,
				14ABD6DF2AACB6920023F71D /* LaunchViewController.swift */,
				144C95CF2AAD891800935105 /* LaunchView.xib */,
				144C95E62AADC51200935105 /* LaunchWindowController.swift */,
			);
			path = macOS;
			sourceTree = "<group>";
		};
		146D209627F03FD000162EB1 /* Resources */ = {
			isa = PBXGroup;
			children = (
				144C95EA2AADD95300935105 /* Acknowledgments.css */,
				144C95E42AADBD1500935105 /* Acknowledgments.html */,
				14A839F8280FEE3B0083EE1D /* LaunchScreen.storyboard */,
				14A839FE280FEE530083EE1D /* Main.storyboard */,
				1402D29E2ABF3AC600B702E4 /* Localizable.xcstrings */,
			);
			path = Resources;
			sourceTree = "<group>";
		};
		1491F4E12AD258FD00602AD8 /* MenuItem */ = {
			isa = PBXGroup;
			children = (
				14A06A492811664000BC41BD /* MenuItemProtocol.swift */,
				14A06A4A2811664000BC41BD /* ToggleMenuItem.swift */,
				14ABE12B2B7DEDD20011EE11 /* OnOffMenuItem.swift */,
				14ABE12E2B7DEE5A0011EE11 /* SwitchMenuItem.swift */,
				14ABE1302B7DEE900011EE11 /* OutletMenuItem.swift */,
				14A06A482811664000BC41BD /* LightbulbMenuItem.swift */,
				14A06A472811664000BC41BD /* LightColorMenuItem.swift */,
				14ABE1322B7DF0A10011EE11 /* LightBrightnessColorMenuItem.swift */,
				14ABE1342B7DF0F50011EE11 /* LightRGBColorMenuItem.swift */,
				14A06A462811664000BC41BD /* CameraMenuItem.swift */,
				14A06A452811664000BC41BD /* SensorMenuItem.swift */,
				14FA4AAA282558240002ECB8 /* ActionSetMenuItem.swift */,
				142DE0D027E8BAE1006CBAFE /* NSMenuItem+HomeMenu.swift */,
				14A9D55C2B25B2C000B67806 /* HomeSelectMenuItem.swift */,
			);
			path = MenuItem;
			sourceTree = "<group>";
		};
		1491F4E22AD2591800602AD8 /* Preferences */ = {
			isa = PBXGroup;
			children = (
				1432F26D2AAB544D00E1B9E9 /* SettingsPane.swift */,
				1432F2712AAB544D00E1B9E9 /* SettingsWindowController.swift */,
				1432F26B2AAB544D00E1B9E9 /* SettingsWindow.swift */,
				1432F2702AAB544D00E1B9E9 /* SettingsTabViewController.swift */,
			);
			path = Preferences;
			sourceTree = "<group>";
		};
		1491F4E32AD2593800602AD8 /* PreferencePanes */ = {
			isa = PBXGroup;
			children = (
				1432F26E2AAB544D00E1B9E9 /* GeneralPaneController.swift */,
				144C95DA2AAD89E800935105 /* GeneralPane.xib */,
				1432F26F2AAB544D00E1B9E9 /* ShortcutsPaneController.swift */,
				149F7FC12AB131D100D1621D /* ShortcutInfo.swift */,
				144C95D72AAD89E200935105 /* ShortcutsPane.xib */,
				14ABD6D02AAC54120023F71D /* InformationPaneController.swift */,
				144C95D42AAD89D800935105 /* InformationPane.xib */,
				1491F4E42AD2599000602AD8 /* DonationPaneController.swift */,
				1491F4EE2AD4E11600602AD8 /* DonationPane.xib */,
				1491F4E82AD2C1C000602AD8 /* DonationItemView.swift */,
			);
			path = PreferencePanes;
			sourceTree = "<group>";
		};
/* End PBXGroup section */

/* Begin PBXNativeTarget section */
		142DE06727E8B80E006CBAFE /* HomeConMenu */ = {
			isa = PBXNativeTarget;
			buildConfigurationList = 142DE07C27E8B80F006CBAFE /* Build configuration list for PBXNativeTarget "HomeConMenu" */;
			buildPhases = (
				142DE06427E8B80E006CBAFE /* Sources */,
				142DE06527E8B80E006CBAFE /* Frameworks */,
				142DE06627E8B80E006CBAFE /* Resources */,
				142DE08E27E8B910006CBAFE /* Embed PlugIns */,
			);
			buildRules = (
			);
			dependencies = (
				142DE09927E8B931006CBAFE /* PBXTargetDependency */,
			);
			name = HomeConMenu;
			packageProductDependencies = (
			);
			productName = HomeConMenu;
			productReference = 142DE06827E8B80E006CBAFE /* HomeConMenu.app */;
			productType = "com.apple.product-type.application";
		};
		142DE09227E8B928006CBAFE /* macOSBridge */ = {
			isa = PBXNativeTarget;
			buildConfigurationList = 142DE09427E8B928006CBAFE /* Build configuration list for PBXNativeTarget "macOSBridge" */;
			buildPhases = (
				142DE08F27E8B928006CBAFE /* Sources */,
				142DE09027E8B928006CBAFE /* Frameworks */,
				142DE09127E8B928006CBAFE /* Resources */,
			);
			buildRules = (
			);
			dependencies = (
			);
			name = macOSBridge;
			packageProductDependencies = (
				14746C4B2813C1BE00666682 /* ColorWheelPanelView */,
				142440D72ADC1FC300317DA6 /* LaunchAtLogin */,
				1487AC4F2B12289400167E13 /* KeyboardShortcuts */,
			);
			productName = macOSBridge;
			productReference = 142DE09327E8B928006CBAFE /* macOSBridge.bundle */;
			productType = "com.apple.product-type.bundle";
		};
/* End PBXNativeTarget section */

/* Begin PBXProject section */
		142DE06027E8B80E006CBAFE /* Project object */ = {
			isa = PBXProject;
			attributes = {
				BuildIndependentTargetsInParallel = 1;
				LastSwiftUpdateCheck = 1330;
				LastUpgradeCheck = 1500;
				TargetAttributes = {
					142DE06727E8B80E006CBAFE = {
						CreatedOnToolsVersion = 13.3;
					};
					142DE09227E8B928006CBAFE = {
						CreatedOnToolsVersion = 13.3;
						LastSwiftMigration = 1330;
					};
				};
			};
			buildConfigurationList = 142DE06327E8B80E006CBAFE /* Build configuration list for PBXProject "HomeConMenu" */;
			compatibilityVersion = "Xcode 13.0";
			developmentRegion = en;
			hasScannedForEncodings = 0;
			knownRegions = (
				en,
				ja,
				Base,
				de,
			);
			mainGroup = 142DE05F27E8B80E006CBAFE;
			packageReferences = (
				14746C482813C19B00666682 /* XCRemoteSwiftPackageReference "ColorWheelPanelView" */,
				142440D62ADC1D5300317DA6 /* XCRemoteSwiftPackageReference "LaunchAtLogin" */,
				1487AC4E2B12289400167E13 /* XCRemoteSwiftPackageReference "KeyboardShortcuts" */,
			);
			productRefGroup = 142DE06927E8B80E006CBAFE /* Products */;
			projectDirPath = "";
			projectRoot = "";
			targets = (
				142DE06727E8B80E006CBAFE /* HomeConMenu */,
				142DE09227E8B928006CBAFE /* macOSBridge */,
			);
		};
/* End PBXProject section */

/* Begin PBXResourcesBuildPhase section */
		142DE06627E8B80E006CBAFE /* Resources */ = {
			isa = PBXResourcesBuildPhase;
			buildActionMask = 2147483647;
			files = (
				144C95E82AADD95300935105 /* Acknowledgments.css in Resources */,
				1402D2AA2AC1880B00B702E4 /* Dummy.storekit in Resources */,
				144C95CD2AAD891800935105 /* LaunchView.xib in Resources */,
				144C95D82AAD89E800935105 /* GeneralPane.xib in Resources */,
				14124FD32ADBA7FA00DF6CE4 /* Products.plist in Resources */,
				144C95D52AAD89E200935105 /* ShortcutsPane.xib in Resources */,
				1402D29F2ABF3AC600B702E4 /* Localizable.xcstrings in Resources */,
				142DE07527E8B80F006CBAFE /* Assets.xcassets in Resources */,
				14A839FB280FEE3B0083EE1D /* LaunchScreen.storyboard in Resources */,
				144C95E22AADBD1500935105 /* Acknowledgments.html in Resources */,
				1491F4EC2AD4E11600602AD8 /* DonationPane.xib in Resources */,
				144C95D22AAD89D800935105 /* InformationPane.xib in Resources */,
				14A839FC280FEE530083EE1D /* Main.storyboard in Resources */,
			);
			runOnlyForDeploymentPostprocessing = 0;
		};
		142DE09127E8B928006CBAFE /* Resources */ = {
			isa = PBXResourcesBuildPhase;
			buildActionMask = 2147483647;
			files = (
				1402D2A02ABF3AC600B702E4 /* Localizable.xcstrings in Resources */,
			);
			runOnlyForDeploymentPostprocessing = 0;
		};
/* End PBXResourcesBuildPhase section */

/* Begin PBXSourcesBuildPhase section */
		142DE06427E8B80E006CBAFE /* Sources */ = {
			isa = PBXSourcesBuildPhase;
			buildActionMask = 2147483647;
			files = (
				142DE0C527E8BAC2006CBAFE /* AccessoryInfo.swift in Sources */,
				1487430C2B255EB90055EE8A /* BaseManager+mac2iOS.swift in Sources */,
				14ABD6DC2AAC87A30023F71D /* WebViewController.swift in Sources */,
				142DE0B927E8BAC2006CBAFE /* CharacteristicInfo.swift in Sources */,
				14FA4A9D282117980002ECB8 /* Log.swift in Sources */,
				142DE0A127E8B9C3006CBAFE /* BaseManager.swift in Sources */,
				142DE0C727E8BAC2006CBAFE /* ServiceInfo.swift in Sources */,
				142DE0A227E8B9C3006CBAFE /* DummyViewController.swift in Sources */,
				142DE0BF27E8BAC2006CBAFE /* HomeInfo.swift in Sources */,
				142DE06C27E8B80E006CBAFE /* AppDelegate.swift in Sources */,
				142DE0A327E8B9C3006CBAFE /* CameraViewController.swift in Sources */,
				142DE0DB27E8BAF0006CBAFE /* InterfaceProtocols.swift in Sources */,
				142DE0BD27E8BAC2006CBAFE /* ServiceTypeBridge.swift in Sources */,
				14124FD52ADBBFC000DF6CE4 /* MonitoringNetworkState.swift in Sources */,
				142DE06E27E8B80E006CBAFE /* SceneDelegate.swift in Sources */,
				14FA4AA82825550F0002ECB8 /* ActionSetInfo.swift in Sources */,
				14FA4AB52827870F0002ECB8 /* Error.swift in Sources */,
				14FA4AA62825296D0002ECB8 /* BaseManager+HomeKit.swift in Sources */,
				14A06A572811665800BC41BD /* ServiceGroupInfo.swift in Sources */,
				142DE0C327E8BAC2006CBAFE /* AccessoryTypeBridge.swift in Sources */,
				142DE0C127E8BAC2006CBAFE /* CharacteristicTypeBridge.swift in Sources */,
				142DE0BB27E8BAC2006CBAFE /* RoomInfo.swift in Sources */,
				142DE0A027E8B9C3006CBAFE /* HomeKitExtension.swift in Sources */,
			);
			runOnlyForDeploymentPostprocessing = 0;
		};
		142DE08F27E8B928006CBAFE /* Sources */ = {
			isa = PBXSourcesBuildPhase;
			buildActionMask = 2147483647;
			files = (
				142DE0C627E8BAC2006CBAFE /* AccessoryInfo.swift in Sources */,
				1491F4E52AD2599000602AD8 /* DonationPaneController.swift in Sources */,
				14ABD6E02AACB6920023F71D /* LaunchViewController.swift in Sources */,
				142DE0D927E8BAE1006CBAFE /* NSMenuItem+HomeMenu.swift in Sources */,
				14A06A522811664800BC41BD /* LightColorMenuItem.swift in Sources */,
				14FA4A9E282117980002ECB8 /* Log.swift in Sources */,
				142DE0C827E8BAC2006CBAFE /* ServiceInfo.swift in Sources */,
				14ABD6D42AAC5CC20023F71D /* InformationPaneController.swift in Sources */,
				142DE0BE27E8BAC2006CBAFE /* ServiceTypeBridge.swift in Sources */,
				142DE0C427E8BAC2006CBAFE /* AccessoryTypeBridge.swift in Sources */,
				142DE0D627E8BAE1006CBAFE /* InterfaceProtocols.swift in Sources */,
				14A9D5592B25B20900B67806 /* MacOSController+iOS2Mac.swift in Sources */,
				142DE0D427E8BAE1006CBAFE /* MacOSController.swift in Sources */,
				1432F2742AAB544D00E1B9E9 /* SettingsPane.swift in Sources */,
				14ABE1312B7DEE900011EE11 /* OutletMenuItem.swift in Sources */,
				14FA4AAB282558240002ECB8 /* ActionSetMenuItem.swift in Sources */,
				14ABE12D2B7DEDF30011EE11 /* OnOffMenuItem.swift in Sources */,
				1432F2772AAB544D00E1B9E9 /* SettingsTabViewController.swift in Sources */,
				14A9D55D2B25B2C000B67806 /* HomeSelectMenuItem.swift in Sources */,
				1491F4E92AD2C1C000602AD8 /* DonationItemView.swift in Sources */,
				14A06A582811666800BC41BD /* MenuItemProtocol.swift in Sources */,
				14ABE1332B7DF0A10011EE11 /* LightBrightnessColorMenuItem.swift in Sources */,
				142DE0BC27E8BAC2006CBAFE /* RoomInfo.swift in Sources */,
				14FA4AA92825550F0002ECB8 /* ActionSetInfo.swift in Sources */,
				144C95E72AADC51200935105 /* LaunchWindowController.swift in Sources */,
				14A06A532811664800BC41BD /* CameraMenuItem.swift in Sources */,
				14FA4AB6282787C00002ECB8 /* Error.swift in Sources */,
				1432F2722AAB544D00E1B9E9 /* SettingsWindow.swift in Sources */,
				149F7FC32AB1325D00D1621D /* ShortcutInfo.swift in Sources */,
				142DE0C227E8BAC2006CBAFE /* CharacteristicTypeBridge.swift in Sources */,
				142DE0C027E8BAC2006CBAFE /* HomeInfo.swift in Sources */,
				142DE0BA27E8BAC2006CBAFE /* CharacteristicInfo.swift in Sources */,
				1432F2752AAB544D00E1B9E9 /* GeneralPaneController.swift in Sources */,
				14ABE1352B7DF0F50011EE11 /* LightRGBColorMenuItem.swift in Sources */,
				14ABE12F2B7DEE5A0011EE11 /* SwitchMenuItem.swift in Sources */,
				1432F2762AAB544D00E1B9E9 /* ShortcutsPaneController.swift in Sources */,
				14A06A592811667400BC41BD /* ServiceGroupInfo.swift in Sources */,
				14A06A552811664800BC41BD /* SensorMenuItem.swift in Sources */,
				14A06A512811664800BC41BD /* LightbulbMenuItem.swift in Sources */,
				1432F2782AAB544D00E1B9E9 /* SettingsWindowController.swift in Sources */,
				14A06A542811664800BC41BD /* ToggleMenuItem.swift in Sources */,
			);
			runOnlyForDeploymentPostprocessing = 0;
		};
/* End PBXSourcesBuildPhase section */

/* Begin PBXTargetDependency section */
		142DE09927E8B931006CBAFE /* PBXTargetDependency */ = {
			isa = PBXTargetDependency;
			platformFilter = maccatalyst;
			target = 142DE09227E8B928006CBAFE /* macOSBridge */;
			targetProxy = 142DE09827E8B931006CBAFE /* PBXContainerItemProxy */;
		};
/* End PBXTargetDependency section */

/* Begin PBXVariantGroup section */
		144C95CF2AAD891800935105 /* LaunchView.xib */ = {
			isa = PBXVariantGroup;
			children = (
				144C95CE2AAD891800935105 /* Base */,
				1402D2992ABF3AC600B702E4 /* mul */,
			);
			name = LaunchView.xib;
			sourceTree = "<group>";
		};
		144C95D42AAD89D800935105 /* InformationPane.xib */ = {
			isa = PBXVariantGroup;
			children = (
				144C95D32AAD89D800935105 /* Base */,
				1402D29A2ABF3AC600B702E4 /* mul */,
			);
			name = InformationPane.xib;
			sourceTree = "<group>";
		};
		144C95D72AAD89E200935105 /* ShortcutsPane.xib */ = {
			isa = PBXVariantGroup;
			children = (
				144C95D62AAD89E200935105 /* Base */,
				1402D29B2ABF3AC600B702E4 /* mul */,
			);
			name = ShortcutsPane.xib;
			sourceTree = "<group>";
		};
		144C95DA2AAD89E800935105 /* GeneralPane.xib */ = {
			isa = PBXVariantGroup;
			children = (
				144C95D92AAD89E800935105 /* Base */,
				1402D29D2ABF3AC600B702E4 /* mul */,
			);
			name = GeneralPane.xib;
			sourceTree = "<group>";
		};
		144C95E42AADBD1500935105 /* Acknowledgments.html */ = {
			isa = PBXVariantGroup;
			children = (
				144C95E32AADBD1500935105 /* Base */,
				144C95E52AADBD1800935105 /* ja */,
				2AC3C49B2CAC40D40018C1D7 /* de */,
			);
			name = Acknowledgments.html;
			sourceTree = "<group>";
		};
		144C95EA2AADD95300935105 /* Acknowledgments.css */ = {
			isa = PBXVariantGroup;
			children = (
				144C95E92AADD95300935105 /* Base */,
			);
			name = Acknowledgments.css;
			sourceTree = "<group>";
		};
		1491F4EE2AD4E11600602AD8 /* DonationPane.xib */ = {
			isa = PBXVariantGroup;
			children = (
				1491F4ED2AD4E11600602AD8 /* Base */,
				1491F4EF2AD4E11600602AD8 /* mul */,
			);
			name = DonationPane.xib;
			sourceTree = "<group>";
		};
		14A839FE280FEE530083EE1D /* Main.storyboard */ = {
			isa = PBXVariantGroup;
			children = (
				144C95CC2AAD88AB00935105 /* Base */,
				1402D29C2ABF3AC600B702E4 /* mul */,
			);
			name = Main.storyboard;
			sourceTree = "<group>";
		};
/* End PBXVariantGroup section */

/* Begin XCBuildConfiguration section */
		142DE07A27E8B80F006CBAFE /* Debug */ = {
			isa = XCBuildConfiguration;
			buildSettings = {
				ALWAYS_SEARCH_USER_PATHS = NO;
				ASSETCATALOG_COMPILER_GENERATE_SWIFT_ASSET_SYMBOL_EXTENSIONS = YES;
				CLANG_ANALYZER_LOCALIZABILITY_NONLOCALIZED = YES;
				CLANG_ANALYZER_NONNULL = YES;
				CLANG_ANALYZER_NUMBER_OBJECT_CONVERSION = YES_AGGRESSIVE;
				CLANG_CXX_LANGUAGE_STANDARD = "gnu++17";
				CLANG_ENABLE_MODULES = YES;
				CLANG_ENABLE_OBJC_ARC = YES;
				CLANG_ENABLE_OBJC_WEAK = YES;
				CLANG_WARN_BLOCK_CAPTURE_AUTORELEASING = YES;
				CLANG_WARN_BOOL_CONVERSION = YES;
				CLANG_WARN_COMMA = YES;
				CLANG_WARN_CONSTANT_CONVERSION = YES;
				CLANG_WARN_DEPRECATED_OBJC_IMPLEMENTATIONS = YES;
				CLANG_WARN_DIRECT_OBJC_ISA_USAGE = YES_ERROR;
				CLANG_WARN_DOCUMENTATION_COMMENTS = YES;
				CLANG_WARN_EMPTY_BODY = YES;
				CLANG_WARN_ENUM_CONVERSION = YES;
				CLANG_WARN_INFINITE_RECURSION = YES;
				CLANG_WARN_INT_CONVERSION = YES;
				CLANG_WARN_NON_LITERAL_NULL_CONVERSION = YES;
				CLANG_WARN_OBJC_IMPLICIT_RETAIN_SELF = YES;
				CLANG_WARN_OBJC_LITERAL_CONVERSION = YES;
				CLANG_WARN_OBJC_ROOT_CLASS = YES_ERROR;
				CLANG_WARN_QUOTED_INCLUDE_IN_FRAMEWORK_HEADER = YES;
				CLANG_WARN_RANGE_LOOP_ANALYSIS = YES;
				CLANG_WARN_STRICT_PROTOTYPES = YES;
				CLANG_WARN_SUSPICIOUS_MOVE = YES;
				CLANG_WARN_UNGUARDED_AVAILABILITY = YES_AGGRESSIVE;
				CLANG_WARN_UNREACHABLE_CODE = YES;
				CLANG_WARN__DUPLICATE_METHOD_MATCH = YES;
				COPY_PHASE_STRIP = NO;
				DEBUG_INFORMATION_FORMAT = dwarf;
				ENABLE_STRICT_OBJC_MSGSEND = YES;
				ENABLE_TESTABILITY = YES;
				ENABLE_USER_SCRIPT_SANDBOXING = YES;
				GCC_C_LANGUAGE_STANDARD = gnu11;
				GCC_DYNAMIC_NO_PIC = NO;
				GCC_NO_COMMON_BLOCKS = YES;
				GCC_OPTIMIZATION_LEVEL = 0;
				GCC_PREPROCESSOR_DEFINITIONS = (
					"DEBUG=1",
					"$(inherited)",
				);
				GCC_WARN_64_TO_32_BIT_CONVERSION = YES;
				GCC_WARN_ABOUT_RETURN_TYPE = YES_ERROR;
				GCC_WARN_UNDECLARED_SELECTOR = YES;
				GCC_WARN_UNINITIALIZED_AUTOS = YES_AGGRESSIVE;
				GCC_WARN_UNUSED_FUNCTION = YES;
				GCC_WARN_UNUSED_VARIABLE = YES;
				IPHONEOS_DEPLOYMENT_TARGET = 15.4;
				LOCALIZATION_PREFERS_STRING_CATALOGS = YES;
				MTL_ENABLE_DEBUG_INFO = INCLUDE_SOURCE;
				MTL_FAST_MATH = YES;
				ONLY_ACTIVE_ARCH = YES;
				SDKROOT = iphoneos;
				SWIFT_ACTIVE_COMPILATION_CONDITIONS = DEBUG;
				SWIFT_OPTIMIZATION_LEVEL = "-Onone";
			};
			name = Debug;
		};
		142DE07B27E8B80F006CBAFE /* Release */ = {
			isa = XCBuildConfiguration;
			buildSettings = {
				ALWAYS_SEARCH_USER_PATHS = NO;
				ASSETCATALOG_COMPILER_GENERATE_SWIFT_ASSET_SYMBOL_EXTENSIONS = YES;
				CLANG_ANALYZER_LOCALIZABILITY_NONLOCALIZED = YES;
				CLANG_ANALYZER_NONNULL = YES;
				CLANG_ANALYZER_NUMBER_OBJECT_CONVERSION = YES_AGGRESSIVE;
				CLANG_CXX_LANGUAGE_STANDARD = "gnu++17";
				CLANG_ENABLE_MODULES = YES;
				CLANG_ENABLE_OBJC_ARC = YES;
				CLANG_ENABLE_OBJC_WEAK = YES;
				CLANG_WARN_BLOCK_CAPTURE_AUTORELEASING = YES;
				CLANG_WARN_BOOL_CONVERSION = YES;
				CLANG_WARN_COMMA = YES;
				CLANG_WARN_CONSTANT_CONVERSION = YES;
				CLANG_WARN_DEPRECATED_OBJC_IMPLEMENTATIONS = YES;
				CLANG_WARN_DIRECT_OBJC_ISA_USAGE = YES_ERROR;
				CLANG_WARN_DOCUMENTATION_COMMENTS = YES;
				CLANG_WARN_EMPTY_BODY = YES;
				CLANG_WARN_ENUM_CONVERSION = YES;
				CLANG_WARN_INFINITE_RECURSION = YES;
				CLANG_WARN_INT_CONVERSION = YES;
				CLANG_WARN_NON_LITERAL_NULL_CONVERSION = YES;
				CLANG_WARN_OBJC_IMPLICIT_RETAIN_SELF = YES;
				CLANG_WARN_OBJC_LITERAL_CONVERSION = YES;
				CLANG_WARN_OBJC_ROOT_CLASS = YES_ERROR;
				CLANG_WARN_QUOTED_INCLUDE_IN_FRAMEWORK_HEADER = YES;
				CLANG_WARN_RANGE_LOOP_ANALYSIS = YES;
				CLANG_WARN_STRICT_PROTOTYPES = YES;
				CLANG_WARN_SUSPICIOUS_MOVE = YES;
				CLANG_WARN_UNGUARDED_AVAILABILITY = YES_AGGRESSIVE;
				CLANG_WARN_UNREACHABLE_CODE = YES;
				CLANG_WARN__DUPLICATE_METHOD_MATCH = YES;
				COPY_PHASE_STRIP = NO;
				DEBUG_INFORMATION_FORMAT = "dwarf-with-dsym";
				ENABLE_NS_ASSERTIONS = NO;
				ENABLE_STRICT_OBJC_MSGSEND = YES;
				ENABLE_USER_SCRIPT_SANDBOXING = YES;
				GCC_C_LANGUAGE_STANDARD = gnu11;
				GCC_NO_COMMON_BLOCKS = YES;
				GCC_WARN_64_TO_32_BIT_CONVERSION = YES;
				GCC_WARN_ABOUT_RETURN_TYPE = YES_ERROR;
				GCC_WARN_UNDECLARED_SELECTOR = YES;
				GCC_WARN_UNINITIALIZED_AUTOS = YES_AGGRESSIVE;
				GCC_WARN_UNUSED_FUNCTION = YES;
				GCC_WARN_UNUSED_VARIABLE = YES;
				IPHONEOS_DEPLOYMENT_TARGET = 15.4;
				LOCALIZATION_PREFERS_STRING_CATALOGS = YES;
				MTL_ENABLE_DEBUG_INFO = NO;
				MTL_FAST_MATH = YES;
				SDKROOT = iphoneos;
				SWIFT_COMPILATION_MODE = wholemodule;
				SWIFT_OPTIMIZATION_LEVEL = "-O";
				VALIDATE_PRODUCT = YES;
			};
			name = Release;
		};
		142DE07D27E8B80F006CBAFE /* Debug */ = {
			isa = XCBuildConfiguration;
			buildSettings = {
				ALWAYS_EMBED_SWIFT_STANDARD_LIBRARIES = YES;
				ASSETCATALOG_COMPILER_APPICON_NAME = AppIcon;
				ASSETCATALOG_COMPILER_GLOBAL_ACCENT_COLOR_NAME = AccentColor;
				ASSETCATALOG_COMPILER_INCLUDE_ALL_APPICON_ASSETS = NO;
				CODE_SIGN_ENTITLEMENTS = HomeConMenu/HomeConMenu.entitlements;
				CODE_SIGN_IDENTITY = "Apple Development";
				"CODE_SIGN_IDENTITY[sdk=macosx*]" = "Apple Development";
				CODE_SIGN_STYLE = Automatic;
				CURRENT_PROJECT_VERSION = 217;
				DEVELOPMENT_TEAM = JP866VWWSD;
				ENABLE_APP_SANDBOX = YES;
				ENABLE_HARDENED_RUNTIME = YES;
				"ENABLE_HARDENED_RUNTIME[sdk=macosx*]" = YES;
				GENERATE_INFOPLIST_FILE = YES;
				INFOPLIST_FILE = HomeConMenu/Info.plist;
				INFOPLIST_KEY_LSApplicationCategoryType = "public.app-category.utilities";
				INFOPLIST_KEY_NSHomeKitUsageDescription = "To control device from Menu bar";
				INFOPLIST_KEY_UIApplicationSupportsIndirectInputEvents = YES;
				INFOPLIST_KEY_UILaunchStoryboardName = LaunchScreen;
				INFOPLIST_KEY_UIMainStoryboardFile = Main;
				INFOPLIST_KEY_UISupportedInterfaceOrientations_iPad = "UIInterfaceOrientationPortrait UIInterfaceOrientationPortraitUpsideDown UIInterfaceOrientationLandscapeLeft UIInterfaceOrientationLandscapeRight";
				INFOPLIST_KEY_UISupportedInterfaceOrientations_iPhone = "UIInterfaceOrientationPortrait UIInterfaceOrientationLandscapeLeft UIInterfaceOrientationLandscapeRight";
				LD_RUNPATH_SEARCH_PATHS = (
					"$(inherited)",
					"@executable_path/Frameworks",
				);
				MARKETING_VERSION = 4.0.4;
				PRODUCT_BUNDLE_IDENTIFIER = com.sonson.HomeConMenu.macOS;
				PRODUCT_NAME = "$(TARGET_NAME)";
				PROVISIONING_PROFILE_SPECIFIER = "";
				"PROVISIONING_PROFILE_SPECIFIER[sdk=macosx*]" = "";
				SUPPORTS_MACCATALYST = YES;
				SUPPORTS_MAC_DESIGNED_FOR_IPHONE_IPAD = NO;
				SWIFT_EMIT_LOC_STRINGS = YES;
				SWIFT_VERSION = 5.0;
				TARGETED_DEVICE_FAMILY = "1,2,6";
			};
			name = Debug;
		};
		142DE07E27E8B80F006CBAFE /* Release */ = {
			isa = XCBuildConfiguration;
			buildSettings = {
				ALWAYS_EMBED_SWIFT_STANDARD_LIBRARIES = YES;
				ASSETCATALOG_COMPILER_APPICON_NAME = AppIcon;
				ASSETCATALOG_COMPILER_GLOBAL_ACCENT_COLOR_NAME = AccentColor;
				ASSETCATALOG_COMPILER_INCLUDE_ALL_APPICON_ASSETS = NO;
				CODE_SIGN_ENTITLEMENTS = HomeConMenu/HomeConMenu.entitlements;
				CODE_SIGN_IDENTITY = "Apple Development";
				"CODE_SIGN_IDENTITY[sdk=macosx*]" = "Apple Development";
				CODE_SIGN_STYLE = Automatic;
				CURRENT_PROJECT_VERSION = 217;
				DEVELOPMENT_TEAM = JP866VWWSD;
				ENABLE_APP_SANDBOX = YES;
				ENABLE_HARDENED_RUNTIME = YES;
				"ENABLE_HARDENED_RUNTIME[sdk=macosx*]" = YES;
				GENERATE_INFOPLIST_FILE = YES;
				INFOPLIST_FILE = HomeConMenu/Info.plist;
				INFOPLIST_KEY_LSApplicationCategoryType = "public.app-category.utilities";
				INFOPLIST_KEY_NSHomeKitUsageDescription = "To control device from Menu bar";
				INFOPLIST_KEY_UIApplicationSupportsIndirectInputEvents = YES;
				INFOPLIST_KEY_UILaunchStoryboardName = LaunchScreen;
				INFOPLIST_KEY_UIMainStoryboardFile = Main;
				INFOPLIST_KEY_UISupportedInterfaceOrientations_iPad = "UIInterfaceOrientationPortrait UIInterfaceOrientationPortraitUpsideDown UIInterfaceOrientationLandscapeLeft UIInterfaceOrientationLandscapeRight";
				INFOPLIST_KEY_UISupportedInterfaceOrientations_iPhone = "UIInterfaceOrientationPortrait UIInterfaceOrientationLandscapeLeft UIInterfaceOrientationLandscapeRight";
				LD_RUNPATH_SEARCH_PATHS = (
					"$(inherited)",
					"@executable_path/Frameworks",
				);
				MARKETING_VERSION = 4.0.4;
				PRODUCT_BUNDLE_IDENTIFIER = com.sonson.HomeConMenu.macOS;
				PRODUCT_NAME = "$(TARGET_NAME)";
				PROVISIONING_PROFILE_SPECIFIER = "";
				"PROVISIONING_PROFILE_SPECIFIER[sdk=macosx*]" = "";
				SUPPORTS_MACCATALYST = YES;
				SUPPORTS_MAC_DESIGNED_FOR_IPHONE_IPAD = NO;
				SWIFT_EMIT_LOC_STRINGS = YES;
				SWIFT_VERSION = 5.0;
				TARGETED_DEVICE_FAMILY = "1,2,6";
			};
			name = Release;
		};
		142DE09527E8B928006CBAFE /* Debug */ = {
			isa = XCBuildConfiguration;
			buildSettings = {
				CLANG_ENABLE_MODULES = YES;
				CODE_SIGN_STYLE = Automatic;
				COMBINE_HIDPI_IMAGES = YES;
				CURRENT_PROJECT_VERSION = 217;
				DEAD_CODE_STRIPPING = YES;
				DEVELOPMENT_TEAM = JP866VWWSD;
				ENABLE_APP_SANDBOX = YES;
				ENABLE_HARDENED_RUNTIME = YES;
				GENERATE_INFOPLIST_FILE = YES;
				INFOPLIST_FILE = "HomeConMenu/macOSBridge-Info.plist";
				INFOPLIST_KEY_NSHumanReadableCopyright = "";
				INFOPLIST_KEY_NSPrincipalClass = macOSBridge.MacOSController;
				INSTALL_PATH = "$(LOCAL_LIBRARY_DIR)/Bundles";
				LD_RUNPATH_SEARCH_PATHS = (
					"$(inherited)",
					"@executable_path/../Frameworks",
					"@loader_path/../Frameworks",
				);
				MACOSX_DEPLOYMENT_TARGET = 14.2;
				MARKETING_VERSION = 4.0.4;
				PRODUCT_BUNDLE_IDENTIFIER = com.sonson.macOSBridge;
				PRODUCT_NAME = "$(TARGET_NAME)";
				SDKROOT = macosx;
				SKIP_INSTALL = YES;
				SWIFT_EMIT_LOC_STRINGS = YES;
				SWIFT_OBJC_BRIDGING_HEADER = "HomeConMenu/macOSBridge-Bridging-Header.h";
				SWIFT_OPTIMIZATION_LEVEL = "-Onone";
				SWIFT_VERSION = 5.0;
				WRAPPER_EXTENSION = bundle;
			};
			name = Debug;
		};
		142DE09627E8B928006CBAFE /* Release */ = {
			isa = XCBuildConfiguration;
			buildSettings = {
				CLANG_ENABLE_MODULES = YES;
				CODE_SIGN_IDENTITY = "Apple Development";
				CODE_SIGN_STYLE = Automatic;
				COMBINE_HIDPI_IMAGES = YES;
				CURRENT_PROJECT_VERSION = 217;
				DEAD_CODE_STRIPPING = YES;
				DEVELOPMENT_TEAM = JP866VWWSD;
				ENABLE_APP_SANDBOX = YES;
				ENABLE_HARDENED_RUNTIME = YES;
				GENERATE_INFOPLIST_FILE = YES;
				INFOPLIST_FILE = "HomeConMenu/macOSBridge-Info.plist";
				INFOPLIST_KEY_NSHumanReadableCopyright = "";
				INFOPLIST_KEY_NSPrincipalClass = macOSBridge.MacOSController;
				INSTALL_PATH = "$(LOCAL_LIBRARY_DIR)/Bundles";
				LD_RUNPATH_SEARCH_PATHS = (
					"$(inherited)",
					"@executable_path/../Frameworks",
					"@loader_path/../Frameworks",
				);
				MACOSX_DEPLOYMENT_TARGET = 14.2;
				MARKETING_VERSION = 4.0.4;
				PRODUCT_BUNDLE_IDENTIFIER = com.sonson.macOSBridge;
				PRODUCT_NAME = "$(TARGET_NAME)";
				PROVISIONING_PROFILE_SPECIFIER = "";
				SDKROOT = macosx;
				SKIP_INSTALL = YES;
				SWIFT_EMIT_LOC_STRINGS = YES;
				SWIFT_OBJC_BRIDGING_HEADER = "HomeConMenu/macOSBridge-Bridging-Header.h";
				SWIFT_VERSION = 5.0;
				WRAPPER_EXTENSION = bundle;
			};
			name = Release;
		};
/* End XCBuildConfiguration section */

/* Begin XCConfigurationList section */
		142DE06327E8B80E006CBAFE /* Build configuration list for PBXProject "HomeConMenu" */ = {
			isa = XCConfigurationList;
			buildConfigurations = (
				142DE07A27E8B80F006CBAFE /* Debug */,
				142DE07B27E8B80F006CBAFE /* Release */,
			);
			defaultConfigurationIsVisible = 0;
			defaultConfigurationName = Release;
		};
		142DE07C27E8B80F006CBAFE /* Build configuration list for PBXNativeTarget "HomeConMenu" */ = {
			isa = XCConfigurationList;
			buildConfigurations = (
				142DE07D27E8B80F006CBAFE /* Debug */,
				142DE07E27E8B80F006CBAFE /* Release */,
			);
			defaultConfigurationIsVisible = 0;
			defaultConfigurationName = Release;
		};
		142DE09427E8B928006CBAFE /* Build configuration list for PBXNativeTarget "macOSBridge" */ = {
			isa = XCConfigurationList;
			buildConfigurations = (
				142DE09527E8B928006CBAFE /* Debug */,
				142DE09627E8B928006CBAFE /* Release */,
			);
			defaultConfigurationIsVisible = 0;
			defaultConfigurationName = Release;
		};
/* End XCConfigurationList section */

/* Begin XCRemoteSwiftPackageReference section */
		142440D62ADC1D5300317DA6 /* XCRemoteSwiftPackageReference "LaunchAtLogin" */ = {
			isa = XCRemoteSwiftPackageReference;
			repositoryURL = "https://github.com/sindresorhus/LaunchAtLogin";
			requirement = {
				branch = main;
				kind = branch;
			};
		};
		14746C482813C19B00666682 /* XCRemoteSwiftPackageReference "ColorWheelPanelView" */ = {
			isa = XCRemoteSwiftPackageReference;
			repositoryURL = "https://github.com/sonsongithub/ColorWheelPanelView";
			requirement = {
				branch = main;
				kind = branch;
			};
		};
		1487AC4E2B12289400167E13 /* XCRemoteSwiftPackageReference "KeyboardShortcuts" */ = {
			isa = XCRemoteSwiftPackageReference;
			repositoryURL = "https://github.com/sonsongithub/KeyboardShortcuts.git";
			requirement = {
				branch = "without-swiftui";
				kind = branch;
			};
		};
/* End XCRemoteSwiftPackageReference section */

/* Begin XCSwiftPackageProductDependency section */
		142440D72ADC1FC300317DA6 /* LaunchAtLogin */ = {
			isa = XCSwiftPackageProductDependency;
			package = 142440D62ADC1D5300317DA6 /* XCRemoteSwiftPackageReference "LaunchAtLogin" */;
			productName = LaunchAtLogin;
		};
		14746C4B2813C1BE00666682 /* ColorWheelPanelView */ = {
			isa = XCSwiftPackageProductDependency;
			package = 14746C482813C19B00666682 /* XCRemoteSwiftPackageReference "ColorWheelPanelView" */;
			productName = ColorWheelPanelView;
		};
		1487AC4F2B12289400167E13 /* KeyboardShortcuts */ = {
			isa = XCSwiftPackageProductDependency;
			package = 1487AC4E2B12289400167E13 /* XCRemoteSwiftPackageReference "KeyboardShortcuts" */;
			productName = KeyboardShortcuts;
		};
/* End XCSwiftPackageProductDependency section */
	};
	rootObject = 142DE06027E8B80E006CBAFE /* Project object */;
}
